// !$*UTF8*$!
{
	archiveVersion = 1;
	classes = {
	};
	objectVersion = 46;
	objects = {

/* Begin PBXBuildFile section */
		7A0E351C1B07DE9600096329 /* AppDelegate.swift in Sources */ = {isa = PBXBuildFile; fileRef = 7A0E351B1B07DE9600096329 /* AppDelegate.swift */; };
		7A0E35211B07DE9600096329 /* Main.storyboard in Resources */ = {isa = PBXBuildFile; fileRef = 7A0E351F1B07DE9600096329 /* Main.storyboard */; };
		7A0E35231B07DE9600096329 /* Images.xcassets in Resources */ = {isa = PBXBuildFile; fileRef = 7A0E35221B07DE9600096329 /* Images.xcassets */; };
		7A0E35261B07DE9600096329 /* LaunchScreen.xib in Resources */ = {isa = PBXBuildFile; fileRef = 7A0E35241B07DE9600096329 /* LaunchScreen.xib */; };
		7A0E35321B07DE9600096329 /* curiosity_readerTests.swift in Sources */ = {isa = PBXBuildFile; fileRef = 7A0E35311B07DE9600096329 /* curiosity_readerTests.swift */; };
		7A0E35451B07E90700096329 /* ExColors.swift in Sources */ = {isa = PBXBuildFile; fileRef = 7A0E35441B07E90700096329 /* ExColors.swift */; };
		7A0E35471B07EA1E00096329 /* ExFonts.swift in Sources */ = {isa = PBXBuildFile; fileRef = 7A0E35461B07EA1E00096329 /* ExFonts.swift */; };
		7A0E35491B07EA8700096329 /* ExStrings.swift in Sources */ = {isa = PBXBuildFile; fileRef = 7A0E35481B07EA8700096329 /* ExStrings.swift */; };
		7A0E354C1B07EACE00096329 /* APIManager.swift in Sources */ = {isa = PBXBuildFile; fileRef = 7A0E354B1B07EACE00096329 /* APIManager.swift */; };
		7A0E35511B08078000096329 /* GenericVC.swift in Sources */ = {isa = PBXBuildFile; fileRef = 7A0E35501B08078000096329 /* GenericVC.swift */; };
		7A0E35531B08096500096329 /* HomeVC.swift in Sources */ = {isa = PBXBuildFile; fileRef = 7A0E35521B08096500096329 /* HomeVC.swift */; };
		7A0E35551B08097B00096329 /* ArticleVC.swift in Sources */ = {isa = PBXBuildFile; fileRef = 7A0E35541B08097B00096329 /* ArticleVC.swift */; };
		7A0E35571B08099D00096329 /* ProfileVC.swift in Sources */ = {isa = PBXBuildFile; fileRef = 7A0E35561B08099D00096329 /* ProfileVC.swift */; };
		7A0E35591B080C4800096329 /* ArticleComponent.swift in Sources */ = {isa = PBXBuildFile; fileRef = 7A0E35581B080C4800096329 /* ArticleComponent.swift */; };
		7A0E355B1B080D5F00096329 /* SwiftyJSON.swift in Sources */ = {isa = PBXBuildFile; fileRef = 7A0E355A1B080D5F00096329 /* SwiftyJSON.swift */; };
		7AC041F41B081B0E00114A4A /* MetaBold-Italic.otf in Resources */ = {isa = PBXBuildFile; fileRef = 7AC041ED1B081B0E00114A4A /* MetaBold-Italic.otf */; };
		7AC041F51B081B0E00114A4A /* MetaBold-Roman.otf in Resources */ = {isa = PBXBuildFile; fileRef = 7AC041EE1B081B0E00114A4A /* MetaBold-Roman.otf */; };
		7AC041F61B081B0E00114A4A /* MetaBookLF-Roman.otf in Resources */ = {isa = PBXBuildFile; fileRef = 7AC041EF1B081B0E00114A4A /* MetaBookLF-Roman.otf */; };
		7AC041F71B081B0E00114A4A /* MetaSerif-Bold.otf in Resources */ = {isa = PBXBuildFile; fileRef = 7AC041F01B081B0E00114A4A /* MetaSerif-Bold.otf */; };
		7AC041F81B081B0E00114A4A /* MetaSerif-BoldIta.otf in Resources */ = {isa = PBXBuildFile; fileRef = 7AC041F11B081B0E00114A4A /* MetaSerif-BoldIta.otf */; };
		7AC041F91B081B0E00114A4A /* MetaSerif-Book.otf in Resources */ = {isa = PBXBuildFile; fileRef = 7AC041F21B081B0E00114A4A /* MetaSerif-Book.otf */; };
		7AC041FA1B081B0E00114A4A /* MetaSerifLf-BookIta.otf in Resources */ = {isa = PBXBuildFile; fileRef = 7AC041F31B081B0E00114A4A /* MetaSerifLf-BookIta.otf */; };
		7AC041FC1B08429500114A4A /* JONavigationBar.swift in Sources */ = {isa = PBXBuildFile; fileRef = 7AC041FB1B08429500114A4A /* JONavigationBar.swift */; };
		7AC042011B08474C00114A4A /* btnBack.png in Resources */ = {isa = PBXBuildFile; fileRef = 7AC041FE1B08474C00114A4A /* btnBack.png */; };
		7AC042021B08474C00114A4A /* btnBack@2x.png in Resources */ = {isa = PBXBuildFile; fileRef = 7AC041FF1B08474C00114A4A /* btnBack@2x.png */; };
		7AC042031B08474C00114A4A /* btnBack@3x.png in Resources */ = {isa = PBXBuildFile; fileRef = 7AC042001B08474C00114A4A /* btnBack@3x.png */; };
		7AC042051B08598600114A4A /* JOFooterBar.swift in Sources */ = {isa = PBXBuildFile; fileRef = 7AC042041B08598600114A4A /* JOFooterBar.swift */; };
		7AC0422B1B0870CB00114A4A /* st1_1@2x.png in Resources */ = {isa = PBXBuildFile; fileRef = 7AC042191B0870CB00114A4A /* st1_1@2x.png */; };
		7AC0422C1B0870CB00114A4A /* st1_2@2x.png in Resources */ = {isa = PBXBuildFile; fileRef = 7AC0421A1B0870CB00114A4A /* st1_2@2x.png */; };
		7AC0422D1B0870CB00114A4A /* st1_3@2x.png in Resources */ = {isa = PBXBuildFile; fileRef = 7AC0421B1B0870CB00114A4A /* st1_3@2x.png */; };
		7AC0422E1B0870CB00114A4A /* st2_1@2x.png in Resources */ = {isa = PBXBuildFile; fileRef = 7AC0421C1B0870CB00114A4A /* st2_1@2x.png */; };
		7AC0422F1B0870CB00114A4A /* st2_2@2x.png in Resources */ = {isa = PBXBuildFile; fileRef = 7AC0421D1B0870CB00114A4A /* st2_2@2x.png */; };
		7AC042301B0870CB00114A4A /* st2_3@2x.png in Resources */ = {isa = PBXBuildFile; fileRef = 7AC0421E1B0870CB00114A4A /* st2_3@2x.png */; };
		7AC042311B0870CB00114A4A /* st3_1@2x.png in Resources */ = {isa = PBXBuildFile; fileRef = 7AC0421F1B0870CB00114A4A /* st3_1@2x.png */; };
		7AC042331B0870CB00114A4A /* st3_3@2x.png in Resources */ = {isa = PBXBuildFile; fileRef = 7AC042211B0870CB00114A4A /* st3_3@2x.png */; };
		7AC042341B0870CB00114A4A /* st1_1.png in Resources */ = {isa = PBXBuildFile; fileRef = 7AC042221B0870CB00114A4A /* st1_1.png */; };
		7AC042351B0870CB00114A4A /* st1_2.png in Resources */ = {isa = PBXBuildFile; fileRef = 7AC042231B0870CB00114A4A /* st1_2.png */; };
		7AC042361B0870CB00114A4A /* st1_3.png in Resources */ = {isa = PBXBuildFile; fileRef = 7AC042241B0870CB00114A4A /* st1_3.png */; };
		7AC042371B0870CB00114A4A /* st2_1.png in Resources */ = {isa = PBXBuildFile; fileRef = 7AC042251B0870CB00114A4A /* st2_1.png */; };
		7AC042381B0870CB00114A4A /* st2_2.png in Resources */ = {isa = PBXBuildFile; fileRef = 7AC042261B0870CB00114A4A /* st2_2.png */; };
		7AC042391B0870CB00114A4A /* st2_3.png in Resources */ = {isa = PBXBuildFile; fileRef = 7AC042271B0870CB00114A4A /* st2_3.png */; };
		7AC0423A1B0870CB00114A4A /* st3_1.png in Resources */ = {isa = PBXBuildFile; fileRef = 7AC042281B0870CB00114A4A /* st3_1.png */; };
		7AC0423B1B0870CB00114A4A /* st3_2.png in Resources */ = {isa = PBXBuildFile; fileRef = 7AC042291B0870CB00114A4A /* st3_2.png */; };
		7AC0423C1B0870CB00114A4A /* st3_3.png in Resources */ = {isa = PBXBuildFile; fileRef = 7AC0422A1B0870CB00114A4A /* st3_3.png */; };
		7AC042461B08793A00114A4A /* btnFavorite@3x.png in Resources */ = {isa = PBXBuildFile; fileRef = 7AC0423D1B08793A00114A4A /* btnFavorite@3x.png */; };
		7AC042471B08793A00114A4A /* btnFavorite@2x.png in Resources */ = {isa = PBXBuildFile; fileRef = 7AC0423E1B08793A00114A4A /* btnFavorite@2x.png */; };
		7AC042481B08793A00114A4A /* btnFavorite.png in Resources */ = {isa = PBXBuildFile; fileRef = 7AC0423F1B08793A00114A4A /* btnFavorite.png */; };
		7AC042491B08793A00114A4A /* btnShare@3x.png in Resources */ = {isa = PBXBuildFile; fileRef = 7AC042401B08793A00114A4A /* btnShare@3x.png */; };
		7AC0424A1B08793A00114A4A /* btnShare@2x.png in Resources */ = {isa = PBXBuildFile; fileRef = 7AC042411B08793A00114A4A /* btnShare@2x.png */; };
		7AC0424B1B08793A00114A4A /* btnShare.png in Resources */ = {isa = PBXBuildFile; fileRef = 7AC042421B08793A00114A4A /* btnShare.png */; };
		7AC0424C1B08793A00114A4A /* btnBookmark@3x.png in Resources */ = {isa = PBXBuildFile; fileRef = 7AC042431B08793A00114A4A /* btnBookmark@3x.png */; };
		7AC0424D1B08793A00114A4A /* btnBookmark@2x.png in Resources */ = {isa = PBXBuildFile; fileRef = 7AC042441B08793A00114A4A /* btnBookmark@2x.png */; };
		7AC0424E1B08793A00114A4A /* btnBookmark.png in Resources */ = {isa = PBXBuildFile; fileRef = 7AC042451B08793A00114A4A /* btnBookmark.png */; };
		7AC042521B087DDD00114A4A /* QuestionVC.swift in Sources */ = {isa = PBXBuildFile; fileRef = 7AC042511B087DDD00114A4A /* QuestionVC.swift */; };
		7AC042551B08817800114A4A /* div.png in Resources */ = {isa = PBXBuildFile; fileRef = 7AC042531B08817800114A4A /* div.png */; };
		7AC042561B08817800114A4A /* div@2x.png in Resources */ = {isa = PBXBuildFile; fileRef = 7AC042541B08817800114A4A /* div@2x.png */; };
		7AC5C8E81B0892C4004C9678 /* st_3@2x.png in Resources */ = {isa = PBXBuildFile; fileRef = 7AC5C8E71B0892C4004C9678 /* st_3@2x.png */; };
		7AC5C8EA1B0899C2004C9678 /* ExArrStr.swift in Sources */ = {isa = PBXBuildFile; fileRef = 7AC5C8E91B0899C2004C9678 /* ExArrStr.swift */; };
		7AC5C8EC1B08B609004C9678 /* QuestionComponent.swift in Sources */ = {isa = PBXBuildFile; fileRef = 7AC5C8EB1B08B609004C9678 /* QuestionComponent.swift */; };
		7AC5C8EF1B08B7C6004C9678 /* arrow@2x.png in Resources */ = {isa = PBXBuildFile; fileRef = 7AC5C8ED1B08B7C6004C9678 /* arrow@2x.png */; };
		7AC5C8F01B08B7C6004C9678 /* arrow.png in Resources */ = {isa = PBXBuildFile; fileRef = 7AC5C8EE1B08B7C6004C9678 /* arrow.png */; };
		7AC5C8F31B08C05B004C9678 /* btnAddAns.png in Resources */ = {isa = PBXBuildFile; fileRef = 7AC5C8F11B08C05B004C9678 /* btnAddAns.png */; };
		7AC5C8F41B08C05B004C9678 /* btnAddAns@2x.png in Resources */ = {isa = PBXBuildFile; fileRef = 7AC5C8F21B08C05B004C9678 /* btnAddAns@2x.png */; };
		7AC5C8F81B08C061004C9678 /* iconAns.png in Resources */ = {isa = PBXBuildFile; fileRef = 7AC5C8F61B08C061004C9678 /* iconAns.png */; };
		7AC5C8F91B08C061004C9678 /* iconAns@2x.png in Resources */ = {isa = PBXBuildFile; fileRef = 7AC5C8F71B08C061004C9678 /* iconAns@2x.png */; };
		7AC5C8FB1B08C60D004C9678 /* AnswerVC.swift in Sources */ = {isa = PBXBuildFile; fileRef = 7AC5C8FA1B08C60D004C9678 /* AnswerVC.swift */; };
		7AC5C8FD1B08C648004C9678 /* AnswerComponent.swift in Sources */ = {isa = PBXBuildFile; fileRef = 7AC5C8FC1B08C648004C9678 /* AnswerComponent.swift */; };
		7AC5C8FF1B08CAD9004C9678 /* OpenQuestion.swift in Sources */ = {isa = PBXBuildFile; fileRef = 7AC5C8FE1B08CAD9004C9678 /* OpenQuestion.swift */; };
		7AC5C9021B08D7AD004C9678 /* btnClose@2x.png in Resources */ = {isa = PBXBuildFile; fileRef = 7AC5C9001B08D7AD004C9678 /* btnClose@2x.png */; };
		7AC5C9031B08D7AD004C9678 /* btnClose.png in Resources */ = {isa = PBXBuildFile; fileRef = 7AC5C9011B08D7AD004C9678 /* btnClose.png */; };
		7AC5C9061B09025D004C9678 /* btnMenu@2x.png in Resources */ = {isa = PBXBuildFile; fileRef = 7AC5C9041B09025D004C9678 /* btnMenu@2x.png */; };
		7AC5C9071B09025D004C9678 /* btnMenu.png in Resources */ = {isa = PBXBuildFile; fileRef = 7AC5C9051B09025D004C9678 /* btnMenu.png */; };
		7AC5C9091B09062E004C9678 /* LeftMenu.swift in Sources */ = {isa = PBXBuildFile; fileRef = 7AC5C9081B09062E004C9678 /* LeftMenu.swift */; };
		7AC5C90B1B090C74004C9678 /* CategoryVC.swift in Sources */ = {isa = PBXBuildFile; fileRef = 7AC5C90A1B090C73004C9678 /* CategoryVC.swift */; };
		7AC5C90D1B090CE7004C9678 /* AboutVC.swift in Sources */ = {isa = PBXBuildFile; fileRef = 7AC5C90C1B090CE7004C9678 /* AboutVC.swift */; };
		7AC5C90F1B09123B004C9678 /* TagComponent.swift in Sources */ = {isa = PBXBuildFile; fileRef = 7AC5C90E1B09123B004C9678 /* TagComponent.swift */; };
		7AC5C9131B091576004C9678 /* sfi.png in Resources */ = {isa = PBXBuildFile; fileRef = 7AC5C9111B091576004C9678 /* sfi.png */; };
		7AC5C9141B091576004C9678 /* sfi@2x.png in Resources */ = {isa = PBXBuildFile; fileRef = 7AC5C9121B091576004C9678 /* sfi@2x.png */; };
		7AC5C91C1B0918C7004C9678 /* bg.png in Resources */ = {isa = PBXBuildFile; fileRef = 7AC5C9161B0918C7004C9678 /* bg.png */; };
		7AC5C91D1B0918C7004C9678 /* bg@2x.png in Resources */ = {isa = PBXBuildFile; fileRef = 7AC5C9171B0918C7004C9678 /* bg@2x.png */; };
		7AC5C91E1B0918C7004C9678 /* icon.png in Resources */ = {isa = PBXBuildFile; fileRef = 7AC5C9181B0918C7004C9678 /* icon.png */; };
		7AC5C91F1B0918C7004C9678 /* icon@2x.png in Resources */ = {isa = PBXBuildFile; fileRef = 7AC5C9191B0918C7004C9678 /* icon@2x.png */; };
		7AC5C9201B0918C7004C9678 /* olinguito.png in Resources */ = {isa = PBXBuildFile; fileRef = 7AC5C91A1B0918C7004C9678 /* olinguito.png */; };
		7AC5C9211B0918C7004C9678 /* olinguito@2x.png in Resources */ = {isa = PBXBuildFile; fileRef = 7AC5C91B1B0918C7004C9678 /* olinguito@2x.png */; };
		7AC5C97C1B09206C004C9678 /* ChartAnimationEasing.swift in Sources */ = {isa = PBXBuildFile; fileRef = 7AC5C9281B09206C004C9678 /* ChartAnimationEasing.swift */; };
		7AC5C97D1B09206C004C9678 /* ChartAnimator.swift in Sources */ = {isa = PBXBuildFile; fileRef = 7AC5C9291B09206C004C9678 /* ChartAnimator.swift */; };
		7AC5C97E1B09206C004C9678 /* BarChartView.swift in Sources */ = {isa = PBXBuildFile; fileRef = 7AC5C92B1B09206C004C9678 /* BarChartView.swift */; };
		7AC5C97F1B09206C004C9678 /* BarLineChartViewBase.swift in Sources */ = {isa = PBXBuildFile; fileRef = 7AC5C92C1B09206C004C9678 /* BarLineChartViewBase.swift */; };
		7AC5C9801B09206C004C9678 /* BubbleChartView.swift in Sources */ = {isa = PBXBuildFile; fileRef = 7AC5C92D1B09206C004C9678 /* BubbleChartView.swift */; };
		7AC5C9811B09206C004C9678 /* CandleStickChartView.swift in Sources */ = {isa = PBXBuildFile; fileRef = 7AC5C92E1B09206C004C9678 /* CandleStickChartView.swift */; };
		7AC5C9821B09206C004C9678 /* ChartViewBase.swift in Sources */ = {isa = PBXBuildFile; fileRef = 7AC5C92F1B09206C004C9678 /* ChartViewBase.swift */; };
		7AC5C9831B09206C004C9678 /* CombinedChartView.swift in Sources */ = {isa = PBXBuildFile; fileRef = 7AC5C9301B09206C004C9678 /* CombinedChartView.swift */; };
		7AC5C9841B09206C004C9678 /* HorizontalBarChartView.swift in Sources */ = {isa = PBXBuildFile; fileRef = 7AC5C9311B09206C004C9678 /* HorizontalBarChartView.swift */; };
		7AC5C9851B09206C004C9678 /* LineChartView.swift in Sources */ = {isa = PBXBuildFile; fileRef = 7AC5C9321B09206C004C9678 /* LineChartView.swift */; };
		7AC5C9861B09206C004C9678 /* PieChartView.swift in Sources */ = {isa = PBXBuildFile; fileRef = 7AC5C9331B09206C004C9678 /* PieChartView.swift */; };
		7AC5C9871B09206C004C9678 /* PieRadarChartViewBase.swift in Sources */ = {isa = PBXBuildFile; fileRef = 7AC5C9341B09206C004C9678 /* PieRadarChartViewBase.swift */; };
		7AC5C9881B09206C004C9678 /* RadarChartView.swift in Sources */ = {isa = PBXBuildFile; fileRef = 7AC5C9351B09206C004C9678 /* RadarChartView.swift */; };
		7AC5C9891B09206C004C9678 /* ScatterChartView.swift in Sources */ = {isa = PBXBuildFile; fileRef = 7AC5C9361B09206C004C9678 /* ScatterChartView.swift */; };
		7AC5C98A1B09206C004C9678 /* ChartAxisBase.swift in Sources */ = {isa = PBXBuildFile; fileRef = 7AC5C9381B09206C004C9678 /* ChartAxisBase.swift */; };
		7AC5C98B1B09206C004C9678 /* ChartComponentBase.swift in Sources */ = {isa = PBXBuildFile; fileRef = 7AC5C9391B09206C004C9678 /* ChartComponentBase.swift */; };
		7AC5C98C1B09206C004C9678 /* ChartLegend.swift in Sources */ = {isa = PBXBuildFile; fileRef = 7AC5C93A1B09206C004C9678 /* ChartLegend.swift */; };
		7AC5C98D1B09206C004C9678 /* ChartLimitLine.swift in Sources */ = {isa = PBXBuildFile; fileRef = 7AC5C93B1B09206C004C9678 /* ChartLimitLine.swift */; };
		7AC5C98E1B09206C004C9678 /* ChartMarker.swift in Sources */ = {isa = PBXBuildFile; fileRef = 7AC5C93C1B09206C004C9678 /* ChartMarker.swift */; };
		7AC5C98F1B09206C004C9678 /* ChartXAxis.swift in Sources */ = {isa = PBXBuildFile; fileRef = 7AC5C93D1B09206C004C9678 /* ChartXAxis.swift */; };
		7AC5C9901B09206C004C9678 /* ChartYAxis.swift in Sources */ = {isa = PBXBuildFile; fileRef = 7AC5C93E1B09206C004C9678 /* ChartYAxis.swift */; };
		7AC5C9911B09206C004C9678 /* BarChartData.swift in Sources */ = {isa = PBXBuildFile; fileRef = 7AC5C9401B09206C004C9678 /* BarChartData.swift */; };
		7AC5C9921B09206C004C9678 /* BarChartDataEntry.swift in Sources */ = {isa = PBXBuildFile; fileRef = 7AC5C9411B09206C004C9678 /* BarChartDataEntry.swift */; };
		7AC5C9931B09206C004C9678 /* BarChartDataSet.swift in Sources */ = {isa = PBXBuildFile; fileRef = 7AC5C9421B09206C004C9678 /* BarChartDataSet.swift */; };
		7AC5C9941B09206C004C9678 /* BarLineScatterCandleChartData.swift in Sources */ = {isa = PBXBuildFile; fileRef = 7AC5C9431B09206C004C9678 /* BarLineScatterCandleChartData.swift */; };
		7AC5C9951B09206C004C9678 /* BarLineScatterCandleChartDataSet.swift in Sources */ = {isa = PBXBuildFile; fileRef = 7AC5C9441B09206C004C9678 /* BarLineScatterCandleChartDataSet.swift */; };
		7AC5C9961B09206C004C9678 /* BubbleChartData.swift in Sources */ = {isa = PBXBuildFile; fileRef = 7AC5C9451B09206C004C9678 /* BubbleChartData.swift */; };
		7AC5C9971B09206C004C9678 /* BubbleChartDataEntry.swift in Sources */ = {isa = PBXBuildFile; fileRef = 7AC5C9461B09206C004C9678 /* BubbleChartDataEntry.swift */; };
		7AC5C9981B09206C004C9678 /* BubbleChartDataSet.swift in Sources */ = {isa = PBXBuildFile; fileRef = 7AC5C9471B09206C004C9678 /* BubbleChartDataSet.swift */; };
		7AC5C9991B09206C004C9678 /* CandleChartData.swift in Sources */ = {isa = PBXBuildFile; fileRef = 7AC5C9481B09206C004C9678 /* CandleChartData.swift */; };
		7AC5C99A1B09206C004C9678 /* CandleChartDataEntry.swift in Sources */ = {isa = PBXBuildFile; fileRef = 7AC5C9491B09206C004C9678 /* CandleChartDataEntry.swift */; };
		7AC5C99B1B09206C004C9678 /* CandleChartDataSet.swift in Sources */ = {isa = PBXBuildFile; fileRef = 7AC5C94A1B09206C004C9678 /* CandleChartDataSet.swift */; };
		7AC5C99C1B09206C004C9678 /* ChartData.swift in Sources */ = {isa = PBXBuildFile; fileRef = 7AC5C94B1B09206C004C9678 /* ChartData.swift */; };
		7AC5C99D1B09206C004C9678 /* ChartDataEntry.swift in Sources */ = {isa = PBXBuildFile; fileRef = 7AC5C94C1B09206C004C9678 /* ChartDataEntry.swift */; };
		7AC5C99E1B09206C004C9678 /* ChartDataSet.swift in Sources */ = {isa = PBXBuildFile; fileRef = 7AC5C94D1B09206C004C9678 /* ChartDataSet.swift */; };
		7AC5C99F1B09206C004C9678 /* CombinedChartData.swift in Sources */ = {isa = PBXBuildFile; fileRef = 7AC5C94E1B09206C004C9678 /* CombinedChartData.swift */; };
		7AC5C9A01B09206C004C9678 /* LineChartData.swift in Sources */ = {isa = PBXBuildFile; fileRef = 7AC5C94F1B09206C004C9678 /* LineChartData.swift */; };
		7AC5C9A11B09206C004C9678 /* LineChartDataSet.swift in Sources */ = {isa = PBXBuildFile; fileRef = 7AC5C9501B09206C004C9678 /* LineChartDataSet.swift */; };
		7AC5C9A21B09206C004C9678 /* LineRadarChartDataSet.swift in Sources */ = {isa = PBXBuildFile; fileRef = 7AC5C9511B09206C004C9678 /* LineRadarChartDataSet.swift */; };
		7AC5C9A31B09206C004C9678 /* PieChartData.swift in Sources */ = {isa = PBXBuildFile; fileRef = 7AC5C9521B09206C004C9678 /* PieChartData.swift */; };
		7AC5C9A41B09206C004C9678 /* PieChartDataSet.swift in Sources */ = {isa = PBXBuildFile; fileRef = 7AC5C9531B09206C004C9678 /* PieChartDataSet.swift */; };
		7AC5C9A51B09206C004C9678 /* RadarChartData.swift in Sources */ = {isa = PBXBuildFile; fileRef = 7AC5C9541B09206C004C9678 /* RadarChartData.swift */; };
		7AC5C9A61B09206C004C9678 /* RadarChartDataSet.swift in Sources */ = {isa = PBXBuildFile; fileRef = 7AC5C9551B09206C004C9678 /* RadarChartDataSet.swift */; };
		7AC5C9A71B09206C004C9678 /* ScatterChartData.swift in Sources */ = {isa = PBXBuildFile; fileRef = 7AC5C9561B09206C004C9678 /* ScatterChartData.swift */; };
		7AC5C9A81B09206C004C9678 /* ScatterChartDataSet.swift in Sources */ = {isa = PBXBuildFile; fileRef = 7AC5C9571B09206C004C9678 /* ScatterChartDataSet.swift */; };
		7AC5C9A91B09206C004C9678 /* ChartDataApproximatorFilter.swift in Sources */ = {isa = PBXBuildFile; fileRef = 7AC5C9591B09206C004C9678 /* ChartDataApproximatorFilter.swift */; };
		7AC5C9AA1B09206C004C9678 /* ChartDataBaseFilter.swift in Sources */ = {isa = PBXBuildFile; fileRef = 7AC5C95A1B09206C004C9678 /* ChartDataBaseFilter.swift */; };
		7AC5C9AB1B09206C004C9678 /* BarChartRenderer.swift in Sources */ = {isa = PBXBuildFile; fileRef = 7AC5C95C1B09206C004C9678 /* BarChartRenderer.swift */; };
		7AC5C9AC1B09206C004C9678 /* BubbleChartRenderer.swift in Sources */ = {isa = PBXBuildFile; fileRef = 7AC5C95D1B09206C004C9678 /* BubbleChartRenderer.swift */; };
		7AC5C9AD1B09206C004C9678 /* CandleStickChartRenderer.swift in Sources */ = {isa = PBXBuildFile; fileRef = 7AC5C95E1B09206C004C9678 /* CandleStickChartRenderer.swift */; };
		7AC5C9AE1B09206C004C9678 /* ChartAxisRendererBase.swift in Sources */ = {isa = PBXBuildFile; fileRef = 7AC5C95F1B09206C004C9678 /* ChartAxisRendererBase.swift */; };
		7AC5C9AF1B09206C004C9678 /* ChartDataRendererBase.swift in Sources */ = {isa = PBXBuildFile; fileRef = 7AC5C9601B09206C004C9678 /* ChartDataRendererBase.swift */; };
		7AC5C9B01B09206C004C9678 /* ChartLegendRenderer.swift in Sources */ = {isa = PBXBuildFile; fileRef = 7AC5C9611B09206C004C9678 /* ChartLegendRenderer.swift */; };
		7AC5C9B11B09206C004C9678 /* ChartRendererBase.swift in Sources */ = {isa = PBXBuildFile; fileRef = 7AC5C9621B09206C004C9678 /* ChartRendererBase.swift */; };
		7AC5C9B21B09206C004C9678 /* ChartXAxisRenderer.swift in Sources */ = {isa = PBXBuildFile; fileRef = 7AC5C9631B09206C004C9678 /* ChartXAxisRenderer.swift */; };
		7AC5C9B31B09206C004C9678 /* ChartXAxisRendererBarChart.swift in Sources */ = {isa = PBXBuildFile; fileRef = 7AC5C9641B09206C004C9678 /* ChartXAxisRendererBarChart.swift */; };
		7AC5C9B41B09206C004C9678 /* ChartXAxisRendererHorizontalBarChart.swift in Sources */ = {isa = PBXBuildFile; fileRef = 7AC5C9651B09206C004C9678 /* ChartXAxisRendererHorizontalBarChart.swift */; };
		7AC5C9B51B09206C004C9678 /* ChartXAxisRendererRadarChart.swift in Sources */ = {isa = PBXBuildFile; fileRef = 7AC5C9661B09206C004C9678 /* ChartXAxisRendererRadarChart.swift */; };
		7AC5C9B61B09206C004C9678 /* ChartYAxisRenderer.swift in Sources */ = {isa = PBXBuildFile; fileRef = 7AC5C9671B09206C004C9678 /* ChartYAxisRenderer.swift */; };
		7AC5C9B71B09206C004C9678 /* ChartYAxisRendererHorizontalBarChart.swift in Sources */ = {isa = PBXBuildFile; fileRef = 7AC5C9681B09206C004C9678 /* ChartYAxisRendererHorizontalBarChart.swift */; };
		7AC5C9B81B09206C004C9678 /* ChartYAxisRendererRadarChart.swift in Sources */ = {isa = PBXBuildFile; fileRef = 7AC5C9691B09206C004C9678 /* ChartYAxisRendererRadarChart.swift */; };
		7AC5C9B91B09206C004C9678 /* CombinedChartRenderer.swift in Sources */ = {isa = PBXBuildFile; fileRef = 7AC5C96A1B09206C004C9678 /* CombinedChartRenderer.swift */; };
		7AC5C9BA1B09206C004C9678 /* HorizontalBarChartRenderer.swift in Sources */ = {isa = PBXBuildFile; fileRef = 7AC5C96B1B09206C004C9678 /* HorizontalBarChartRenderer.swift */; };
		7AC5C9BB1B09206C004C9678 /* LineChartRenderer.swift in Sources */ = {isa = PBXBuildFile; fileRef = 7AC5C96C1B09206C004C9678 /* LineChartRenderer.swift */; };
		7AC5C9BC1B09206C004C9678 /* PieChartRenderer.swift in Sources */ = {isa = PBXBuildFile; fileRef = 7AC5C96D1B09206C004C9678 /* PieChartRenderer.swift */; };
		7AC5C9BD1B09206C004C9678 /* RadarChartRenderer.swift in Sources */ = {isa = PBXBuildFile; fileRef = 7AC5C96E1B09206C004C9678 /* RadarChartRenderer.swift */; };
		7AC5C9BE1B09206C004C9678 /* ScatterChartRenderer.swift in Sources */ = {isa = PBXBuildFile; fileRef = 7AC5C96F1B09206C004C9678 /* ScatterChartRenderer.swift */; };
		7AC5C9BF1B09206C004C9678 /* ChartColorTemplates.swift in Sources */ = {isa = PBXBuildFile; fileRef = 7AC5C9711B09206C004C9678 /* ChartColorTemplates.swift */; };
		7AC5C9C01B09206C004C9678 /* ChartFillFormatter.swift in Sources */ = {isa = PBXBuildFile; fileRef = 7AC5C9721B09206C004C9678 /* ChartFillFormatter.swift */; };
		7AC5C9C11B09206C004C9678 /* ChartHighlight.swift in Sources */ = {isa = PBXBuildFile; fileRef = 7AC5C9731B09206C004C9678 /* ChartHighlight.swift */; };
		7AC5C9C21B09206C004C9678 /* ChartSelInfo.swift in Sources */ = {isa = PBXBuildFile; fileRef = 7AC5C9741B09206C004C9678 /* ChartSelInfo.swift */; };
		7AC5C9C31B09206C004C9678 /* ChartTransformer.swift in Sources */ = {isa = PBXBuildFile; fileRef = 7AC5C9751B09206C004C9678 /* ChartTransformer.swift */; };
		7AC5C9C41B09206C004C9678 /* ChartTransformerHorizontalBarChart.swift in Sources */ = {isa = PBXBuildFile; fileRef = 7AC5C9761B09206C004C9678 /* ChartTransformerHorizontalBarChart.swift */; };
		7AC5C9C51B09206C004C9678 /* ChartUtils.swift in Sources */ = {isa = PBXBuildFile; fileRef = 7AC5C9771B09206C004C9678 /* ChartUtils.swift */; };
		7AC5C9C61B09206C004C9678 /* ChartViewPortHandler.swift in Sources */ = {isa = PBXBuildFile; fileRef = 7AC5C9781B09206C004C9678 /* ChartViewPortHandler.swift */; };
		7AC5C9C71B09206C004C9678 /* Info.plist in Resources */ = {isa = PBXBuildFile; fileRef = 7AC5C97B1B09206C004C9678 /* Info.plist */; };
		7AC5C9D11B092294004C9678 /* Charts.framework in Frameworks */ = {isa = PBXBuildFile; fileRef = 7AC5C9CA1B09206D004C9678 /* Charts.framework */; };
		7AC5C9D41B093063004C9678 /* bgGraph@2x.png in Resources */ = {isa = PBXBuildFile; fileRef = 7AC5C9D21B093063004C9678 /* bgGraph@2x.png */; };
		7AC5C9D51B093063004C9678 /* bgGraph.png in Resources */ = {isa = PBXBuildFile; fileRef = 7AC5C9D31B093063004C9678 /* bgGraph.png */; };
		9CF3173897537D0875866B4E /* libPods.a in Frameworks */ = {isa = PBXBuildFile; fileRef = 3F9924BD1B9DDE44EB5989D7 /* libPods.a */; };
/* End PBXBuildFile section */

/* Begin PBXContainerItemProxy section */
		7A0E352C1B07DE9600096329 /* PBXContainerItemProxy */ = {
			isa = PBXContainerItemProxy;
			containerPortal = 7A0E350E1B07DE9600096329 /* Project object */;
			proxyType = 1;
			remoteGlobalIDString = 7A0E35151B07DE9600096329;
			remoteInfo = curiosity_reader;
		};
		7AC5C9C91B09206D004C9678 /* PBXContainerItemProxy */ = {
			isa = PBXContainerItemProxy;
			containerPortal = 7AC5C9231B09206C004C9678 /* Charts.xcodeproj */;
			proxyType = 2;
			remoteGlobalIDString = 5BA8EC401A9D14DC00CE82E1;
			remoteInfo = Charts;
		};
/* End PBXContainerItemProxy section */

/* Begin PBXFileReference section */
		275CFB2B2DC5FCE043A6A448 /* Pods.release.xcconfig */ = {isa = PBXFileReference; includeInIndex = 1; lastKnownFileType = text.xcconfig; name = Pods.release.xcconfig; path = "Pods/Target Support Files/Pods/Pods.release.xcconfig"; sourceTree = "<group>"; };
		3F9924BD1B9DDE44EB5989D7 /* libPods.a */ = {isa = PBXFileReference; explicitFileType = archive.ar; includeInIndex = 0; path = libPods.a; sourceTree = BUILT_PRODUCTS_DIR; };
		7A0E35161B07DE9600096329 /* curiosity_reader.app */ = {isa = PBXFileReference; explicitFileType = wrapper.application; includeInIndex = 0; path = curiosity_reader.app; sourceTree = BUILT_PRODUCTS_DIR; };
		7A0E351A1B07DE9600096329 /* Info.plist */ = {isa = PBXFileReference; lastKnownFileType = text.plist.xml; path = Info.plist; sourceTree = "<group>"; };
		7A0E351B1B07DE9600096329 /* AppDelegate.swift */ = {isa = PBXFileReference; lastKnownFileType = sourcecode.swift; path = AppDelegate.swift; sourceTree = "<group>"; };
		7A0E35201B07DE9600096329 /* Base */ = {isa = PBXFileReference; lastKnownFileType = file.storyboard; name = Base; path = Base.lproj/Main.storyboard; sourceTree = "<group>"; };
		7A0E35221B07DE9600096329 /* Images.xcassets */ = {isa = PBXFileReference; lastKnownFileType = folder.assetcatalog; path = Images.xcassets; sourceTree = "<group>"; };
		7A0E35251B07DE9600096329 /* Base */ = {isa = PBXFileReference; lastKnownFileType = file.xib; name = Base; path = Base.lproj/LaunchScreen.xib; sourceTree = "<group>"; };
		7A0E352B1B07DE9600096329 /* curiosity_readerTests.xctest */ = {isa = PBXFileReference; explicitFileType = wrapper.cfbundle; includeInIndex = 0; path = curiosity_readerTests.xctest; sourceTree = BUILT_PRODUCTS_DIR; };
		7A0E35301B07DE9600096329 /* Info.plist */ = {isa = PBXFileReference; lastKnownFileType = text.plist.xml; path = Info.plist; sourceTree = "<group>"; };
		7A0E35311B07DE9600096329 /* curiosity_readerTests.swift */ = {isa = PBXFileReference; lastKnownFileType = sourcecode.swift; path = curiosity_readerTests.swift; sourceTree = "<group>"; };
		7A0E35441B07E90700096329 /* ExColors.swift */ = {isa = PBXFileReference; fileEncoding = 4; lastKnownFileType = sourcecode.swift; path = ExColors.swift; sourceTree = "<group>"; };
		7A0E35461B07EA1E00096329 /* ExFonts.swift */ = {isa = PBXFileReference; fileEncoding = 4; lastKnownFileType = sourcecode.swift; path = ExFonts.swift; sourceTree = "<group>"; };
		7A0E35481B07EA8700096329 /* ExStrings.swift */ = {isa = PBXFileReference; fileEncoding = 4; lastKnownFileType = sourcecode.swift; path = ExStrings.swift; sourceTree = "<group>"; };
		7A0E354B1B07EACE00096329 /* APIManager.swift */ = {isa = PBXFileReference; fileEncoding = 4; lastKnownFileType = sourcecode.swift; path = APIManager.swift; sourceTree = "<group>"; };
		7A0E354D1B07ED2100096329 /* curiosity_reader-Bridging-Header.h */ = {isa = PBXFileReference; lastKnownFileType = sourcecode.c.h; path = "curiosity_reader-Bridging-Header.h"; sourceTree = "<group>"; };
		7A0E35501B08078000096329 /* GenericVC.swift */ = {isa = PBXFileReference; fileEncoding = 4; lastKnownFileType = sourcecode.swift; path = GenericVC.swift; sourceTree = "<group>"; };
		7A0E35521B08096500096329 /* HomeVC.swift */ = {isa = PBXFileReference; fileEncoding = 4; lastKnownFileType = sourcecode.swift; path = HomeVC.swift; sourceTree = "<group>"; };
		7A0E35541B08097B00096329 /* ArticleVC.swift */ = {isa = PBXFileReference; fileEncoding = 4; lastKnownFileType = sourcecode.swift; path = ArticleVC.swift; sourceTree = "<group>"; };
		7A0E35561B08099D00096329 /* ProfileVC.swift */ = {isa = PBXFileReference; fileEncoding = 4; lastKnownFileType = sourcecode.swift; path = ProfileVC.swift; sourceTree = "<group>"; };
		7A0E35581B080C4800096329 /* ArticleComponent.swift */ = {isa = PBXFileReference; fileEncoding = 4; lastKnownFileType = sourcecode.swift; path = ArticleComponent.swift; sourceTree = "<group>"; };
		7A0E355A1B080D5F00096329 /* SwiftyJSON.swift */ = {isa = PBXFileReference; fileEncoding = 4; lastKnownFileType = sourcecode.swift; path = SwiftyJSON.swift; sourceTree = "<group>"; };
		7AC041ED1B081B0E00114A4A /* MetaBold-Italic.otf */ = {isa = PBXFileReference; lastKnownFileType = file; path = "MetaBold-Italic.otf"; sourceTree = "<group>"; };
		7AC041EE1B081B0E00114A4A /* MetaBold-Roman.otf */ = {isa = PBXFileReference; lastKnownFileType = file; path = "MetaBold-Roman.otf"; sourceTree = "<group>"; };
		7AC041EF1B081B0E00114A4A /* MetaBookLF-Roman.otf */ = {isa = PBXFileReference; lastKnownFileType = file; path = "MetaBookLF-Roman.otf"; sourceTree = "<group>"; };
		7AC041F01B081B0E00114A4A /* MetaSerif-Bold.otf */ = {isa = PBXFileReference; lastKnownFileType = file; path = "MetaSerif-Bold.otf"; sourceTree = "<group>"; };
		7AC041F11B081B0E00114A4A /* MetaSerif-BoldIta.otf */ = {isa = PBXFileReference; lastKnownFileType = file; path = "MetaSerif-BoldIta.otf"; sourceTree = "<group>"; };
		7AC041F21B081B0E00114A4A /* MetaSerif-Book.otf */ = {isa = PBXFileReference; lastKnownFileType = file; path = "MetaSerif-Book.otf"; sourceTree = "<group>"; };
		7AC041F31B081B0E00114A4A /* MetaSerifLf-BookIta.otf */ = {isa = PBXFileReference; lastKnownFileType = file; path = "MetaSerifLf-BookIta.otf"; sourceTree = "<group>"; };
		7AC041FB1B08429500114A4A /* JONavigationBar.swift */ = {isa = PBXFileReference; fileEncoding = 4; lastKnownFileType = sourcecode.swift; path = JONavigationBar.swift; sourceTree = "<group>"; };
		7AC041FE1B08474C00114A4A /* btnBack.png */ = {isa = PBXFileReference; lastKnownFileType = image.png; path = btnBack.png; sourceTree = "<group>"; };
		7AC041FF1B08474C00114A4A /* btnBack@2x.png */ = {isa = PBXFileReference; lastKnownFileType = image.png; path = "btnBack@2x.png"; sourceTree = "<group>"; };
		7AC042001B08474C00114A4A /* btnBack@3x.png */ = {isa = PBXFileReference; lastKnownFileType = image.png; path = "btnBack@3x.png"; sourceTree = "<group>"; };
		7AC042041B08598600114A4A /* JOFooterBar.swift */ = {isa = PBXFileReference; fileEncoding = 4; lastKnownFileType = sourcecode.swift; path = JOFooterBar.swift; sourceTree = "<group>"; };
		7AC042191B0870CB00114A4A /* st1_1@2x.png */ = {isa = PBXFileReference; lastKnownFileType = image.png; path = "st1_1@2x.png"; sourceTree = "<group>"; };
		7AC0421A1B0870CB00114A4A /* st1_2@2x.png */ = {isa = PBXFileReference; lastKnownFileType = image.png; path = "st1_2@2x.png"; sourceTree = "<group>"; };
		7AC0421B1B0870CB00114A4A /* st1_3@2x.png */ = {isa = PBXFileReference; lastKnownFileType = image.png; path = "st1_3@2x.png"; sourceTree = "<group>"; };
		7AC0421C1B0870CB00114A4A /* st2_1@2x.png */ = {isa = PBXFileReference; lastKnownFileType = image.png; path = "st2_1@2x.png"; sourceTree = "<group>"; };
		7AC0421D1B0870CB00114A4A /* st2_2@2x.png */ = {isa = PBXFileReference; lastKnownFileType = image.png; path = "st2_2@2x.png"; sourceTree = "<group>"; };
		7AC0421E1B0870CB00114A4A /* st2_3@2x.png */ = {isa = PBXFileReference; lastKnownFileType = image.png; path = "st2_3@2x.png"; sourceTree = "<group>"; };
		7AC0421F1B0870CB00114A4A /* st3_1@2x.png */ = {isa = PBXFileReference; lastKnownFileType = image.png; path = "st3_1@2x.png"; sourceTree = "<group>"; };
		7AC042211B0870CB00114A4A /* st3_3@2x.png */ = {isa = PBXFileReference; lastKnownFileType = image.png; path = "st3_3@2x.png"; sourceTree = "<group>"; };
		7AC042221B0870CB00114A4A /* st1_1.png */ = {isa = PBXFileReference; lastKnownFileType = image.png; path = st1_1.png; sourceTree = "<group>"; };
		7AC042231B0870CB00114A4A /* st1_2.png */ = {isa = PBXFileReference; lastKnownFileType = image.png; path = st1_2.png; sourceTree = "<group>"; };
		7AC042241B0870CB00114A4A /* st1_3.png */ = {isa = PBXFileReference; lastKnownFileType = image.png; path = st1_3.png; sourceTree = "<group>"; };
		7AC042251B0870CB00114A4A /* st2_1.png */ = {isa = PBXFileReference; lastKnownFileType = image.png; path = st2_1.png; sourceTree = "<group>"; };
		7AC042261B0870CB00114A4A /* st2_2.png */ = {isa = PBXFileReference; lastKnownFileType = image.png; path = st2_2.png; sourceTree = "<group>"; };
		7AC042271B0870CB00114A4A /* st2_3.png */ = {isa = PBXFileReference; lastKnownFileType = image.png; path = st2_3.png; sourceTree = "<group>"; };
		7AC042281B0870CB00114A4A /* st3_1.png */ = {isa = PBXFileReference; lastKnownFileType = image.png; path = st3_1.png; sourceTree = "<group>"; };
		7AC042291B0870CB00114A4A /* st3_2.png */ = {isa = PBXFileReference; lastKnownFileType = image.png; path = st3_2.png; sourceTree = "<group>"; };
		7AC0422A1B0870CB00114A4A /* st3_3.png */ = {isa = PBXFileReference; lastKnownFileType = image.png; path = st3_3.png; sourceTree = "<group>"; };
		7AC0423D1B08793A00114A4A /* btnFavorite@3x.png */ = {isa = PBXFileReference; lastKnownFileType = image.png; path = "btnFavorite@3x.png"; sourceTree = "<group>"; };
		7AC0423E1B08793A00114A4A /* btnFavorite@2x.png */ = {isa = PBXFileReference; lastKnownFileType = image.png; path = "btnFavorite@2x.png"; sourceTree = "<group>"; };
		7AC0423F1B08793A00114A4A /* btnFavorite.png */ = {isa = PBXFileReference; lastKnownFileType = image.png; path = btnFavorite.png; sourceTree = "<group>"; };
		7AC042401B08793A00114A4A /* btnShare@3x.png */ = {isa = PBXFileReference; lastKnownFileType = image.png; path = "btnShare@3x.png"; sourceTree = "<group>"; };
		7AC042411B08793A00114A4A /* btnShare@2x.png */ = {isa = PBXFileReference; lastKnownFileType = image.png; path = "btnShare@2x.png"; sourceTree = "<group>"; };
		7AC042421B08793A00114A4A /* btnShare.png */ = {isa = PBXFileReference; lastKnownFileType = image.png; path = btnShare.png; sourceTree = "<group>"; };
		7AC042431B08793A00114A4A /* btnBookmark@3x.png */ = {isa = PBXFileReference; lastKnownFileType = image.png; path = "btnBookmark@3x.png"; sourceTree = "<group>"; };
		7AC042441B08793A00114A4A /* btnBookmark@2x.png */ = {isa = PBXFileReference; lastKnownFileType = image.png; path = "btnBookmark@2x.png"; sourceTree = "<group>"; };
		7AC042451B08793A00114A4A /* btnBookmark.png */ = {isa = PBXFileReference; lastKnownFileType = image.png; path = btnBookmark.png; sourceTree = "<group>"; };
		7AC042511B087DDD00114A4A /* QuestionVC.swift */ = {isa = PBXFileReference; fileEncoding = 4; lastKnownFileType = sourcecode.swift; path = QuestionVC.swift; sourceTree = "<group>"; };
		7AC042531B08817800114A4A /* div.png */ = {isa = PBXFileReference; lastKnownFileType = image.png; path = div.png; sourceTree = "<group>"; };
		7AC042541B08817800114A4A /* div@2x.png */ = {isa = PBXFileReference; lastKnownFileType = image.png; path = "div@2x.png"; sourceTree = "<group>"; };
		7AC5C8E71B0892C4004C9678 /* st_3@2x.png */ = {isa = PBXFileReference; lastKnownFileType = image.png; path = "st_3@2x.png"; sourceTree = "<group>"; };
		7AC5C8E91B0899C2004C9678 /* ExArrStr.swift */ = {isa = PBXFileReference; fileEncoding = 4; lastKnownFileType = sourcecode.swift; path = ExArrStr.swift; sourceTree = "<group>"; };
		7AC5C8EB1B08B609004C9678 /* QuestionComponent.swift */ = {isa = PBXFileReference; fileEncoding = 4; lastKnownFileType = sourcecode.swift; path = QuestionComponent.swift; sourceTree = "<group>"; };
		7AC5C8ED1B08B7C6004C9678 /* arrow@2x.png */ = {isa = PBXFileReference; lastKnownFileType = image.png; path = "arrow@2x.png"; sourceTree = "<group>"; };
		7AC5C8EE1B08B7C6004C9678 /* arrow.png */ = {isa = PBXFileReference; lastKnownFileType = image.png; path = arrow.png; sourceTree = "<group>"; };
		7AC5C8F11B08C05B004C9678 /* btnAddAns.png */ = {isa = PBXFileReference; lastKnownFileType = image.png; path = btnAddAns.png; sourceTree = "<group>"; };
		7AC5C8F21B08C05B004C9678 /* btnAddAns@2x.png */ = {isa = PBXFileReference; lastKnownFileType = image.png; path = "btnAddAns@2x.png"; sourceTree = "<group>"; };
		7AC5C8F61B08C061004C9678 /* iconAns.png */ = {isa = PBXFileReference; lastKnownFileType = image.png; path = iconAns.png; sourceTree = "<group>"; };
		7AC5C8F71B08C061004C9678 /* iconAns@2x.png */ = {isa = PBXFileReference; lastKnownFileType = image.png; path = "iconAns@2x.png"; sourceTree = "<group>"; };
		7AC5C8FA1B08C60D004C9678 /* AnswerVC.swift */ = {isa = PBXFileReference; fileEncoding = 4; lastKnownFileType = sourcecode.swift; path = AnswerVC.swift; sourceTree = "<group>"; };
		7AC5C8FC1B08C648004C9678 /* AnswerComponent.swift */ = {isa = PBXFileReference; fileEncoding = 4; lastKnownFileType = sourcecode.swift; path = AnswerComponent.swift; sourceTree = "<group>"; };
		7AC5C8FE1B08CAD9004C9678 /* OpenQuestion.swift */ = {isa = PBXFileReference; fileEncoding = 4; lastKnownFileType = sourcecode.swift; path = OpenQuestion.swift; sourceTree = "<group>"; };
		7AC5C9001B08D7AD004C9678 /* btnClose@2x.png */ = {isa = PBXFileReference; lastKnownFileType = image.png; path = "btnClose@2x.png"; sourceTree = "<group>"; };
		7AC5C9011B08D7AD004C9678 /* btnClose.png */ = {isa = PBXFileReference; lastKnownFileType = image.png; path = btnClose.png; sourceTree = "<group>"; };
		7AC5C9041B09025D004C9678 /* btnMenu@2x.png */ = {isa = PBXFileReference; lastKnownFileType = image.png; path = "btnMenu@2x.png"; sourceTree = "<group>"; };
		7AC5C9051B09025D004C9678 /* btnMenu.png */ = {isa = PBXFileReference; lastKnownFileType = image.png; path = btnMenu.png; sourceTree = "<group>"; };
		7AC5C9081B09062E004C9678 /* LeftMenu.swift */ = {isa = PBXFileReference; fileEncoding = 4; lastKnownFileType = sourcecode.swift; path = LeftMenu.swift; sourceTree = "<group>"; };
		7AC5C90A1B090C73004C9678 /* CategoryVC.swift */ = {isa = PBXFileReference; fileEncoding = 4; lastKnownFileType = sourcecode.swift; path = CategoryVC.swift; sourceTree = "<group>"; };
		7AC5C90C1B090CE7004C9678 /* AboutVC.swift */ = {isa = PBXFileReference; fileEncoding = 4; lastKnownFileType = sourcecode.swift; path = AboutVC.swift; sourceTree = "<group>"; };
		7AC5C90E1B09123B004C9678 /* TagComponent.swift */ = {isa = PBXFileReference; fileEncoding = 4; lastKnownFileType = sourcecode.swift; path = TagComponent.swift; sourceTree = "<group>"; };
		7AC5C9111B091576004C9678 /* sfi.png */ = {isa = PBXFileReference; lastKnownFileType = image.png; path = sfi.png; sourceTree = "<group>"; };
		7AC5C9121B091576004C9678 /* sfi@2x.png */ = {isa = PBXFileReference; lastKnownFileType = image.png; path = "sfi@2x.png"; sourceTree = "<group>"; };
		7AC5C9161B0918C7004C9678 /* bg.png */ = {isa = PBXFileReference; lastKnownFileType = image.png; path = bg.png; sourceTree = "<group>"; };
		7AC5C9171B0918C7004C9678 /* bg@2x.png */ = {isa = PBXFileReference; lastKnownFileType = image.png; path = "bg@2x.png"; sourceTree = "<group>"; };
		7AC5C9181B0918C7004C9678 /* icon.png */ = {isa = PBXFileReference; lastKnownFileType = image.png; path = icon.png; sourceTree = "<group>"; };
		7AC5C9191B0918C7004C9678 /* icon@2x.png */ = {isa = PBXFileReference; lastKnownFileType = image.png; path = "icon@2x.png"; sourceTree = "<group>"; };
		7AC5C91A1B0918C7004C9678 /* olinguito.png */ = {isa = PBXFileReference; lastKnownFileType = image.png; path = olinguito.png; sourceTree = "<group>"; };
		7AC5C91B1B0918C7004C9678 /* olinguito@2x.png */ = {isa = PBXFileReference; lastKnownFileType = image.png; path = "olinguito@2x.png"; sourceTree = "<group>"; };
		7AC5C9231B09206C004C9678 /* Charts.xcodeproj */ = {isa = PBXFileReference; lastKnownFileType = "wrapper.pb-project"; path = Charts.xcodeproj; sourceTree = "<group>"; };
		7AC5C9281B09206C004C9678 /* ChartAnimationEasing.swift */ = {isa = PBXFileReference; fileEncoding = 4; lastKnownFileType = sourcecode.swift; path = ChartAnimationEasing.swift; sourceTree = "<group>"; };
		7AC5C9291B09206C004C9678 /* ChartAnimator.swift */ = {isa = PBXFileReference; fileEncoding = 4; lastKnownFileType = sourcecode.swift; path = ChartAnimator.swift; sourceTree = "<group>"; };
		7AC5C92B1B09206C004C9678 /* BarChartView.swift */ = {isa = PBXFileReference; fileEncoding = 4; lastKnownFileType = sourcecode.swift; path = BarChartView.swift; sourceTree = "<group>"; };
		7AC5C92C1B09206C004C9678 /* BarLineChartViewBase.swift */ = {isa = PBXFileReference; fileEncoding = 4; lastKnownFileType = sourcecode.swift; path = BarLineChartViewBase.swift; sourceTree = "<group>"; };
		7AC5C92D1B09206C004C9678 /* BubbleChartView.swift */ = {isa = PBXFileReference; fileEncoding = 4; lastKnownFileType = sourcecode.swift; path = BubbleChartView.swift; sourceTree = "<group>"; };
		7AC5C92E1B09206C004C9678 /* CandleStickChartView.swift */ = {isa = PBXFileReference; fileEncoding = 4; lastKnownFileType = sourcecode.swift; path = CandleStickChartView.swift; sourceTree = "<group>"; };
		7AC5C92F1B09206C004C9678 /* ChartViewBase.swift */ = {isa = PBXFileReference; fileEncoding = 4; lastKnownFileType = sourcecode.swift; path = ChartViewBase.swift; sourceTree = "<group>"; };
		7AC5C9301B09206C004C9678 /* CombinedChartView.swift */ = {isa = PBXFileReference; fileEncoding = 4; lastKnownFileType = sourcecode.swift; path = CombinedChartView.swift; sourceTree = "<group>"; };
		7AC5C9311B09206C004C9678 /* HorizontalBarChartView.swift */ = {isa = PBXFileReference; fileEncoding = 4; lastKnownFileType = sourcecode.swift; path = HorizontalBarChartView.swift; sourceTree = "<group>"; };
		7AC5C9321B09206C004C9678 /* LineChartView.swift */ = {isa = PBXFileReference; fileEncoding = 4; lastKnownFileType = sourcecode.swift; path = LineChartView.swift; sourceTree = "<group>"; };
		7AC5C9331B09206C004C9678 /* PieChartView.swift */ = {isa = PBXFileReference; fileEncoding = 4; lastKnownFileType = sourcecode.swift; path = PieChartView.swift; sourceTree = "<group>"; };
		7AC5C9341B09206C004C9678 /* PieRadarChartViewBase.swift */ = {isa = PBXFileReference; fileEncoding = 4; lastKnownFileType = sourcecode.swift; path = PieRadarChartViewBase.swift; sourceTree = "<group>"; };
		7AC5C9351B09206C004C9678 /* RadarChartView.swift */ = {isa = PBXFileReference; fileEncoding = 4; lastKnownFileType = sourcecode.swift; path = RadarChartView.swift; sourceTree = "<group>"; };
		7AC5C9361B09206C004C9678 /* ScatterChartView.swift */ = {isa = PBXFileReference; fileEncoding = 4; lastKnownFileType = sourcecode.swift; path = ScatterChartView.swift; sourceTree = "<group>"; };
		7AC5C9381B09206C004C9678 /* ChartAxisBase.swift */ = {isa = PBXFileReference; fileEncoding = 4; lastKnownFileType = sourcecode.swift; path = ChartAxisBase.swift; sourceTree = "<group>"; };
		7AC5C9391B09206C004C9678 /* ChartComponentBase.swift */ = {isa = PBXFileReference; fileEncoding = 4; lastKnownFileType = sourcecode.swift; path = ChartComponentBase.swift; sourceTree = "<group>"; };
		7AC5C93A1B09206C004C9678 /* ChartLegend.swift */ = {isa = PBXFileReference; fileEncoding = 4; lastKnownFileType = sourcecode.swift; path = ChartLegend.swift; sourceTree = "<group>"; };
		7AC5C93B1B09206C004C9678 /* ChartLimitLine.swift */ = {isa = PBXFileReference; fileEncoding = 4; lastKnownFileType = sourcecode.swift; path = ChartLimitLine.swift; sourceTree = "<group>"; };
		7AC5C93C1B09206C004C9678 /* ChartMarker.swift */ = {isa = PBXFileReference; fileEncoding = 4; lastKnownFileType = sourcecode.swift; path = ChartMarker.swift; sourceTree = "<group>"; };
		7AC5C93D1B09206C004C9678 /* ChartXAxis.swift */ = {isa = PBXFileReference; fileEncoding = 4; lastKnownFileType = sourcecode.swift; path = ChartXAxis.swift; sourceTree = "<group>"; };
		7AC5C93E1B09206C004C9678 /* ChartYAxis.swift */ = {isa = PBXFileReference; fileEncoding = 4; lastKnownFileType = sourcecode.swift; path = ChartYAxis.swift; sourceTree = "<group>"; };
		7AC5C9401B09206C004C9678 /* BarChartData.swift */ = {isa = PBXFileReference; fileEncoding = 4; lastKnownFileType = sourcecode.swift; path = BarChartData.swift; sourceTree = "<group>"; };
		7AC5C9411B09206C004C9678 /* BarChartDataEntry.swift */ = {isa = PBXFileReference; fileEncoding = 4; lastKnownFileType = sourcecode.swift; path = BarChartDataEntry.swift; sourceTree = "<group>"; };
		7AC5C9421B09206C004C9678 /* BarChartDataSet.swift */ = {isa = PBXFileReference; fileEncoding = 4; lastKnownFileType = sourcecode.swift; path = BarChartDataSet.swift; sourceTree = "<group>"; };
		7AC5C9431B09206C004C9678 /* BarLineScatterCandleChartData.swift */ = {isa = PBXFileReference; fileEncoding = 4; lastKnownFileType = sourcecode.swift; path = BarLineScatterCandleChartData.swift; sourceTree = "<group>"; };
		7AC5C9441B09206C004C9678 /* BarLineScatterCandleChartDataSet.swift */ = {isa = PBXFileReference; fileEncoding = 4; lastKnownFileType = sourcecode.swift; path = BarLineScatterCandleChartDataSet.swift; sourceTree = "<group>"; };
		7AC5C9451B09206C004C9678 /* BubbleChartData.swift */ = {isa = PBXFileReference; fileEncoding = 4; lastKnownFileType = sourcecode.swift; path = BubbleChartData.swift; sourceTree = "<group>"; };
		7AC5C9461B09206C004C9678 /* BubbleChartDataEntry.swift */ = {isa = PBXFileReference; fileEncoding = 4; lastKnownFileType = sourcecode.swift; path = BubbleChartDataEntry.swift; sourceTree = "<group>"; };
		7AC5C9471B09206C004C9678 /* BubbleChartDataSet.swift */ = {isa = PBXFileReference; fileEncoding = 4; lastKnownFileType = sourcecode.swift; path = BubbleChartDataSet.swift; sourceTree = "<group>"; };
		7AC5C9481B09206C004C9678 /* CandleChartData.swift */ = {isa = PBXFileReference; fileEncoding = 4; lastKnownFileType = sourcecode.swift; path = CandleChartData.swift; sourceTree = "<group>"; };
		7AC5C9491B09206C004C9678 /* CandleChartDataEntry.swift */ = {isa = PBXFileReference; fileEncoding = 4; lastKnownFileType = sourcecode.swift; path = CandleChartDataEntry.swift; sourceTree = "<group>"; };
		7AC5C94A1B09206C004C9678 /* CandleChartDataSet.swift */ = {isa = PBXFileReference; fileEncoding = 4; lastKnownFileType = sourcecode.swift; path = CandleChartDataSet.swift; sourceTree = "<group>"; };
		7AC5C94B1B09206C004C9678 /* ChartData.swift */ = {isa = PBXFileReference; fileEncoding = 4; lastKnownFileType = sourcecode.swift; path = ChartData.swift; sourceTree = "<group>"; };
		7AC5C94C1B09206C004C9678 /* ChartDataEntry.swift */ = {isa = PBXFileReference; fileEncoding = 4; lastKnownFileType = sourcecode.swift; path = ChartDataEntry.swift; sourceTree = "<group>"; };
		7AC5C94D1B09206C004C9678 /* ChartDataSet.swift */ = {isa = PBXFileReference; fileEncoding = 4; lastKnownFileType = sourcecode.swift; path = ChartDataSet.swift; sourceTree = "<group>"; };
		7AC5C94E1B09206C004C9678 /* CombinedChartData.swift */ = {isa = PBXFileReference; fileEncoding = 4; lastKnownFileType = sourcecode.swift; path = CombinedChartData.swift; sourceTree = "<group>"; };
		7AC5C94F1B09206C004C9678 /* LineChartData.swift */ = {isa = PBXFileReference; fileEncoding = 4; lastKnownFileType = sourcecode.swift; path = LineChartData.swift; sourceTree = "<group>"; };
		7AC5C9501B09206C004C9678 /* LineChartDataSet.swift */ = {isa = PBXFileReference; fileEncoding = 4; lastKnownFileType = sourcecode.swift; path = LineChartDataSet.swift; sourceTree = "<group>"; };
		7AC5C9511B09206C004C9678 /* LineRadarChartDataSet.swift */ = {isa = PBXFileReference; fileEncoding = 4; lastKnownFileType = sourcecode.swift; path = LineRadarChartDataSet.swift; sourceTree = "<group>"; };
		7AC5C9521B09206C004C9678 /* PieChartData.swift */ = {isa = PBXFileReference; fileEncoding = 4; lastKnownFileType = sourcecode.swift; path = PieChartData.swift; sourceTree = "<group>"; };
		7AC5C9531B09206C004C9678 /* PieChartDataSet.swift */ = {isa = PBXFileReference; fileEncoding = 4; lastKnownFileType = sourcecode.swift; path = PieChartDataSet.swift; sourceTree = "<group>"; };
		7AC5C9541B09206C004C9678 /* RadarChartData.swift */ = {isa = PBXFileReference; fileEncoding = 4; lastKnownFileType = sourcecode.swift; path = RadarChartData.swift; sourceTree = "<group>"; };
		7AC5C9551B09206C004C9678 /* RadarChartDataSet.swift */ = {isa = PBXFileReference; fileEncoding = 4; lastKnownFileType = sourcecode.swift; path = RadarChartDataSet.swift; sourceTree = "<group>"; };
		7AC5C9561B09206C004C9678 /* ScatterChartData.swift */ = {isa = PBXFileReference; fileEncoding = 4; lastKnownFileType = sourcecode.swift; path = ScatterChartData.swift; sourceTree = "<group>"; };
		7AC5C9571B09206C004C9678 /* ScatterChartDataSet.swift */ = {isa = PBXFileReference; fileEncoding = 4; lastKnownFileType = sourcecode.swift; path = ScatterChartDataSet.swift; sourceTree = "<group>"; };
		7AC5C9591B09206C004C9678 /* ChartDataApproximatorFilter.swift */ = {isa = PBXFileReference; fileEncoding = 4; lastKnownFileType = sourcecode.swift; path = ChartDataApproximatorFilter.swift; sourceTree = "<group>"; };
		7AC5C95A1B09206C004C9678 /* ChartDataBaseFilter.swift */ = {isa = PBXFileReference; fileEncoding = 4; lastKnownFileType = sourcecode.swift; path = ChartDataBaseFilter.swift; sourceTree = "<group>"; };
		7AC5C95C1B09206C004C9678 /* BarChartRenderer.swift */ = {isa = PBXFileReference; fileEncoding = 4; lastKnownFileType = sourcecode.swift; path = BarChartRenderer.swift; sourceTree = "<group>"; };
		7AC5C95D1B09206C004C9678 /* BubbleChartRenderer.swift */ = {isa = PBXFileReference; fileEncoding = 4; lastKnownFileType = sourcecode.swift; path = BubbleChartRenderer.swift; sourceTree = "<group>"; };
		7AC5C95E1B09206C004C9678 /* CandleStickChartRenderer.swift */ = {isa = PBXFileReference; fileEncoding = 4; lastKnownFileType = sourcecode.swift; path = CandleStickChartRenderer.swift; sourceTree = "<group>"; };
		7AC5C95F1B09206C004C9678 /* ChartAxisRendererBase.swift */ = {isa = PBXFileReference; fileEncoding = 4; lastKnownFileType = sourcecode.swift; path = ChartAxisRendererBase.swift; sourceTree = "<group>"; };
		7AC5C9601B09206C004C9678 /* ChartDataRendererBase.swift */ = {isa = PBXFileReference; fileEncoding = 4; lastKnownFileType = sourcecode.swift; path = ChartDataRendererBase.swift; sourceTree = "<group>"; };
		7AC5C9611B09206C004C9678 /* ChartLegendRenderer.swift */ = {isa = PBXFileReference; fileEncoding = 4; lastKnownFileType = sourcecode.swift; path = ChartLegendRenderer.swift; sourceTree = "<group>"; };
		7AC5C9621B09206C004C9678 /* ChartRendererBase.swift */ = {isa = PBXFileReference; fileEncoding = 4; lastKnownFileType = sourcecode.swift; path = ChartRendererBase.swift; sourceTree = "<group>"; };
		7AC5C9631B09206C004C9678 /* ChartXAxisRenderer.swift */ = {isa = PBXFileReference; fileEncoding = 4; lastKnownFileType = sourcecode.swift; path = ChartXAxisRenderer.swift; sourceTree = "<group>"; };
		7AC5C9641B09206C004C9678 /* ChartXAxisRendererBarChart.swift */ = {isa = PBXFileReference; fileEncoding = 4; lastKnownFileType = sourcecode.swift; path = ChartXAxisRendererBarChart.swift; sourceTree = "<group>"; };
		7AC5C9651B09206C004C9678 /* ChartXAxisRendererHorizontalBarChart.swift */ = {isa = PBXFileReference; fileEncoding = 4; lastKnownFileType = sourcecode.swift; path = ChartXAxisRendererHorizontalBarChart.swift; sourceTree = "<group>"; };
		7AC5C9661B09206C004C9678 /* ChartXAxisRendererRadarChart.swift */ = {isa = PBXFileReference; fileEncoding = 4; lastKnownFileType = sourcecode.swift; path = ChartXAxisRendererRadarChart.swift; sourceTree = "<group>"; };
		7AC5C9671B09206C004C9678 /* ChartYAxisRenderer.swift */ = {isa = PBXFileReference; fileEncoding = 4; lastKnownFileType = sourcecode.swift; path = ChartYAxisRenderer.swift; sourceTree = "<group>"; };
		7AC5C9681B09206C004C9678 /* ChartYAxisRendererHorizontalBarChart.swift */ = {isa = PBXFileReference; fileEncoding = 4; lastKnownFileType = sourcecode.swift; path = ChartYAxisRendererHorizontalBarChart.swift; sourceTree = "<group>"; };
		7AC5C9691B09206C004C9678 /* ChartYAxisRendererRadarChart.swift */ = {isa = PBXFileReference; fileEncoding = 4; lastKnownFileType = sourcecode.swift; path = ChartYAxisRendererRadarChart.swift; sourceTree = "<group>"; };
		7AC5C96A1B09206C004C9678 /* CombinedChartRenderer.swift */ = {isa = PBXFileReference; fileEncoding = 4; lastKnownFileType = sourcecode.swift; path = CombinedChartRenderer.swift; sourceTree = "<group>"; };
		7AC5C96B1B09206C004C9678 /* HorizontalBarChartRenderer.swift */ = {isa = PBXFileReference; fileEncoding = 4; lastKnownFileType = sourcecode.swift; path = HorizontalBarChartRenderer.swift; sourceTree = "<group>"; };
		7AC5C96C1B09206C004C9678 /* LineChartRenderer.swift */ = {isa = PBXFileReference; fileEncoding = 4; lastKnownFileType = sourcecode.swift; path = LineChartRenderer.swift; sourceTree = "<group>"; };
		7AC5C96D1B09206C004C9678 /* PieChartRenderer.swift */ = {isa = PBXFileReference; fileEncoding = 4; lastKnownFileType = sourcecode.swift; path = PieChartRenderer.swift; sourceTree = "<group>"; };
		7AC5C96E1B09206C004C9678 /* RadarChartRenderer.swift */ = {isa = PBXFileReference; fileEncoding = 4; lastKnownFileType = sourcecode.swift; path = RadarChartRenderer.swift; sourceTree = "<group>"; };
		7AC5C96F1B09206C004C9678 /* ScatterChartRenderer.swift */ = {isa = PBXFileReference; fileEncoding = 4; lastKnownFileType = sourcecode.swift; path = ScatterChartRenderer.swift; sourceTree = "<group>"; };
		7AC5C9711B09206C004C9678 /* ChartColorTemplates.swift */ = {isa = PBXFileReference; fileEncoding = 4; lastKnownFileType = sourcecode.swift; path = ChartColorTemplates.swift; sourceTree = "<group>"; };
		7AC5C9721B09206C004C9678 /* ChartFillFormatter.swift */ = {isa = PBXFileReference; fileEncoding = 4; lastKnownFileType = sourcecode.swift; path = ChartFillFormatter.swift; sourceTree = "<group>"; };
		7AC5C9731B09206C004C9678 /* ChartHighlight.swift */ = {isa = PBXFileReference; fileEncoding = 4; lastKnownFileType = sourcecode.swift; path = ChartHighlight.swift; sourceTree = "<group>"; };
		7AC5C9741B09206C004C9678 /* ChartSelInfo.swift */ = {isa = PBXFileReference; fileEncoding = 4; lastKnownFileType = sourcecode.swift; path = ChartSelInfo.swift; sourceTree = "<group>"; };
		7AC5C9751B09206C004C9678 /* ChartTransformer.swift */ = {isa = PBXFileReference; fileEncoding = 4; lastKnownFileType = sourcecode.swift; path = ChartTransformer.swift; sourceTree = "<group>"; };
		7AC5C9761B09206C004C9678 /* ChartTransformerHorizontalBarChart.swift */ = {isa = PBXFileReference; fileEncoding = 4; lastKnownFileType = sourcecode.swift; path = ChartTransformerHorizontalBarChart.swift; sourceTree = "<group>"; };
		7AC5C9771B09206C004C9678 /* ChartUtils.swift */ = {isa = PBXFileReference; fileEncoding = 4; lastKnownFileType = sourcecode.swift; path = ChartUtils.swift; sourceTree = "<group>"; };
		7AC5C9781B09206C004C9678 /* ChartViewPortHandler.swift */ = {isa = PBXFileReference; fileEncoding = 4; lastKnownFileType = sourcecode.swift; path = ChartViewPortHandler.swift; sourceTree = "<group>"; };
		7AC5C97A1B09206C004C9678 /* Charts.h */ = {isa = PBXFileReference; fileEncoding = 4; lastKnownFileType = sourcecode.c.h; path = Charts.h; sourceTree = "<group>"; };
		7AC5C97B1B09206C004C9678 /* Info.plist */ = {isa = PBXFileReference; fileEncoding = 4; lastKnownFileType = text.plist.xml; path = Info.plist; sourceTree = "<group>"; };
		7AC5C9D21B093063004C9678 /* bgGraph@2x.png */ = {isa = PBXFileReference; lastKnownFileType = image.png; path = "bgGraph@2x.png"; sourceTree = "<group>"; };
		7AC5C9D31B093063004C9678 /* bgGraph.png */ = {isa = PBXFileReference; lastKnownFileType = image.png; path = bgGraph.png; sourceTree = "<group>"; };
		8223E5BFB927254F4FD4D3C5 /* Pods.debug.xcconfig */ = {isa = PBXFileReference; includeInIndex = 1; lastKnownFileType = text.xcconfig; name = Pods.debug.xcconfig; path = "Pods/Target Support Files/Pods/Pods.debug.xcconfig"; sourceTree = "<group>"; };
/* End PBXFileReference section */

/* Begin PBXFrameworksBuildPhase section */
		7A0E35131B07DE9600096329 /* Frameworks */ = {
			isa = PBXFrameworksBuildPhase;
			buildActionMask = 2147483647;
			files = (
				7AC5C9D11B092294004C9678 /* Charts.framework in Frameworks */,
				9CF3173897537D0875866B4E /* libPods.a in Frameworks */,
			);
			runOnlyForDeploymentPostprocessing = 0;
		};
		7A0E35281B07DE9600096329 /* Frameworks */ = {
			isa = PBXFrameworksBuildPhase;
			buildActionMask = 2147483647;
			files = (
			);
			runOnlyForDeploymentPostprocessing = 0;
		};
/* End PBXFrameworksBuildPhase section */

/* Begin PBXGroup section */
		7A0E350D1B07DE9600096329 = {
			isa = PBXGroup;
			children = (
				7A0E35181B07DE9600096329 /* curiosity_reader */,
				7A0E352E1B07DE9600096329 /* curiosity_readerTests */,
				7A0E35171B07DE9600096329 /* Products */,
				DC090381D8621CAECAA56768 /* Pods */,
				CAE3E00C1AB2E5668D9EF701 /* Frameworks */,
			);
			sourceTree = "<group>";
		};
		7A0E35171B07DE9600096329 /* Products */ = {
			isa = PBXGroup;
			children = (
				7A0E35161B07DE9600096329 /* curiosity_reader.app */,
				7A0E352B1B07DE9600096329 /* curiosity_readerTests.xctest */,
			);
			name = Products;
			sourceTree = "<group>";
		};
		7A0E35181B07DE9600096329 /* curiosity_reader */ = {
			isa = PBXGroup;
			children = (
				7AC5C9221B09206C004C9678 /* Charts */,
				7A0E353B1B07E8F400096329 /* assets */,
				7A0E353E1B07E8F400096329 /* src */,
				7A0E351B1B07DE9600096329 /* AppDelegate.swift */,
				7A0E351F1B07DE9600096329 /* Main.storyboard */,
				7A0E35221B07DE9600096329 /* Images.xcassets */,
				7A0E35241B07DE9600096329 /* LaunchScreen.xib */,
				7A0E35191B07DE9600096329 /* Supporting Files */,
				7A0E354D1B07ED2100096329 /* curiosity_reader-Bridging-Header.h */,
			);
			path = curiosity_reader;
			sourceTree = "<group>";
		};
		7A0E35191B07DE9600096329 /* Supporting Files */ = {
			isa = PBXGroup;
			children = (
				7A0E351A1B07DE9600096329 /* Info.plist */,
			);
			name = "Supporting Files";
			sourceTree = "<group>";
		};
		7A0E352E1B07DE9600096329 /* curiosity_readerTests */ = {
			isa = PBXGroup;
			children = (
				7A0E35311B07DE9600096329 /* curiosity_readerTests.swift */,
				7A0E352F1B07DE9600096329 /* Supporting Files */,
			);
			path = curiosity_readerTests;
			sourceTree = "<group>";
		};
		7A0E352F1B07DE9600096329 /* Supporting Files */ = {
			isa = PBXGroup;
			children = (
				7A0E35301B07DE9600096329 /* Info.plist */,
			);
			name = "Supporting Files";
			sourceTree = "<group>";
		};
		7A0E353B1B07E8F400096329 /* assets */ = {
			isa = PBXGroup;
			children = (
				7AC5C9151B0918C7004C9678 /* splash */,
				7AC041EC1B081B0E00114A4A /* fonts */,
				7A0E353C1B07E8F400096329 /* audio */,
				7A0E353D1B07E8F400096329 /* img */,
			);
			path = assets;
			sourceTree = "<group>";
		};
		7A0E353C1B07E8F400096329 /* audio */ = {
			isa = PBXGroup;
			children = (
			);
			path = audio;
			sourceTree = "<group>";
		};
		7A0E353D1B07E8F400096329 /* img */ = {
			isa = PBXGroup;
			children = (
				7AC5C9101B091576004C9678 /* thumb_tag */,
				7AC5C8F51B08C060004C9678 /* icons */,
				7AC042061B0867C600114A4A /* states */,
				7AC041FD1B08474C00114A4A /* Buttons */,
			);
			path = img;
			sourceTree = "<group>";
		};
		7A0E353E1B07E8F400096329 /* src */ = {
			isa = PBXGroup;
			children = (
				7A0E353F1B07E8F400096329 /* classes */,
				7A0E35401B07E8F400096329 /* components */,
				7A0E35411B07E8F400096329 /* helpers */,
				7A0E35431B07E8F400096329 /* views */,
			);
			path = src;
			sourceTree = "<group>";
		};
		7A0E353F1B07E8F400096329 /* classes */ = {
			isa = PBXGroup;
			children = (
			);
			path = classes;
			sourceTree = "<group>";
		};
		7A0E35401B07E8F400096329 /* components */ = {
			isa = PBXGroup;
			children = (
				7AC5C9081B09062E004C9678 /* LeftMenu.swift */,
				7A0E35581B080C4800096329 /* ArticleComponent.swift */,
				7AC5C8EB1B08B609004C9678 /* QuestionComponent.swift */,
				7AC041FB1B08429500114A4A /* JONavigationBar.swift */,
				7AC042041B08598600114A4A /* JOFooterBar.swift */,
				7AC5C8FC1B08C648004C9678 /* AnswerComponent.swift */,
				7AC5C8FE1B08CAD9004C9678 /* OpenQuestion.swift */,
				7AC5C90E1B09123B004C9678 /* TagComponent.swift */,
			);
			path = components;
			sourceTree = "<group>";
		};
		7A0E35411B07E8F400096329 /* helpers */ = {
			isa = PBXGroup;
			children = (
				7A0E354A1B07EACE00096329 /* API */,
				7A0E35421B07E8F400096329 /* extensions */,
			);
			path = helpers;
			sourceTree = "<group>";
		};
		7A0E35421B07E8F400096329 /* extensions */ = {
			isa = PBXGroup;
			children = (
				7A0E35441B07E90700096329 /* ExColors.swift */,
				7A0E35461B07EA1E00096329 /* ExFonts.swift */,
				7A0E35481B07EA8700096329 /* ExStrings.swift */,
				7AC5C8E91B0899C2004C9678 /* ExArrStr.swift */,
			);
			path = extensions;
			sourceTree = "<group>";
		};
		7A0E35431B07E8F400096329 /* views */ = {
			isa = PBXGroup;
			children = (
				7A0E35501B08078000096329 /* GenericVC.swift */,
				7A0E35521B08096500096329 /* HomeVC.swift */,
				7A0E35541B08097B00096329 /* ArticleVC.swift */,
				7A0E35561B08099D00096329 /* ProfileVC.swift */,
				7AC042511B087DDD00114A4A /* QuestionVC.swift */,
				7AC5C8FA1B08C60D004C9678 /* AnswerVC.swift */,
				7AC5C90A1B090C73004C9678 /* CategoryVC.swift */,
				7AC5C90C1B090CE7004C9678 /* AboutVC.swift */,
			);
			path = views;
			sourceTree = "<group>";
		};
		7A0E354A1B07EACE00096329 /* API */ = {
			isa = PBXGroup;
			children = (
				7A0E355A1B080D5F00096329 /* SwiftyJSON.swift */,
				7A0E354B1B07EACE00096329 /* APIManager.swift */,
			);
			path = API;
			sourceTree = "<group>";
		};
		7AC041EC1B081B0E00114A4A /* fonts */ = {
			isa = PBXGroup;
			children = (
				7AC041ED1B081B0E00114A4A /* MetaBold-Italic.otf */,
				7AC041EE1B081B0E00114A4A /* MetaBold-Roman.otf */,
				7AC041EF1B081B0E00114A4A /* MetaBookLF-Roman.otf */,
				7AC041F01B081B0E00114A4A /* MetaSerif-Bold.otf */,
				7AC041F11B081B0E00114A4A /* MetaSerif-BoldIta.otf */,
				7AC041F21B081B0E00114A4A /* MetaSerif-Book.otf */,
				7AC041F31B081B0E00114A4A /* MetaSerifLf-BookIta.otf */,
			);
			path = fonts;
			sourceTree = "<group>";
		};
		7AC041FD1B08474C00114A4A /* Buttons */ = {
			isa = PBXGroup;
			children = (
				7AC5C9041B09025D004C9678 /* btnMenu@2x.png */,
				7AC5C9051B09025D004C9678 /* btnMenu.png */,
				7AC5C9001B08D7AD004C9678 /* btnClose@2x.png */,
				7AC5C9011B08D7AD004C9678 /* btnClose.png */,
				7AC5C8F11B08C05B004C9678 /* btnAddAns.png */,
				7AC5C8F21B08C05B004C9678 /* btnAddAns@2x.png */,
				7AC5C8ED1B08B7C6004C9678 /* arrow@2x.png */,
				7AC5C8EE1B08B7C6004C9678 /* arrow.png */,
				7AC042531B08817800114A4A /* div.png */,
				7AC042541B08817800114A4A /* div@2x.png */,
				7AC0423D1B08793A00114A4A /* btnFavorite@3x.png */,
				7AC0423E1B08793A00114A4A /* btnFavorite@2x.png */,
				7AC0423F1B08793A00114A4A /* btnFavorite.png */,
				7AC042401B08793A00114A4A /* btnShare@3x.png */,
				7AC042411B08793A00114A4A /* btnShare@2x.png */,
				7AC042421B08793A00114A4A /* btnShare.png */,
				7AC042431B08793A00114A4A /* btnBookmark@3x.png */,
				7AC042441B08793A00114A4A /* btnBookmark@2x.png */,
				7AC042451B08793A00114A4A /* btnBookmark.png */,
				7AC041FE1B08474C00114A4A /* btnBack.png */,
				7AC041FF1B08474C00114A4A /* btnBack@2x.png */,
				7AC042001B08474C00114A4A /* btnBack@3x.png */,
			);
			path = Buttons;
			sourceTree = "<group>";
		};
		7AC042061B0867C600114A4A /* states */ = {
			isa = PBXGroup;
			children = (
				7AC5C8E71B0892C4004C9678 /* st_3@2x.png */,
				7AC042191B0870CB00114A4A /* st1_1@2x.png */,
				7AC0421A1B0870CB00114A4A /* st1_2@2x.png */,
				7AC0421B1B0870CB00114A4A /* st1_3@2x.png */,
				7AC0421C1B0870CB00114A4A /* st2_1@2x.png */,
				7AC0421D1B0870CB00114A4A /* st2_2@2x.png */,
				7AC0421E1B0870CB00114A4A /* st2_3@2x.png */,
				7AC0421F1B0870CB00114A4A /* st3_1@2x.png */,
				7AC042211B0870CB00114A4A /* st3_3@2x.png */,
				7AC042221B0870CB00114A4A /* st1_1.png */,
				7AC042231B0870CB00114A4A /* st1_2.png */,
				7AC042241B0870CB00114A4A /* st1_3.png */,
				7AC042251B0870CB00114A4A /* st2_1.png */,
				7AC042261B0870CB00114A4A /* st2_2.png */,
				7AC042271B0870CB00114A4A /* st2_3.png */,
				7AC042281B0870CB00114A4A /* st3_1.png */,
				7AC042291B0870CB00114A4A /* st3_2.png */,
				7AC0422A1B0870CB00114A4A /* st3_3.png */,
			);
			path = states;
			sourceTree = "<group>";
		};
		7AC5C8F51B08C060004C9678 /* icons */ = {
			isa = PBXGroup;
			children = (
				7AC5C9D21B093063004C9678 /* bgGraph@2x.png */,
				7AC5C9D31B093063004C9678 /* bgGraph.png */,
				7AC5C8F61B08C061004C9678 /* iconAns.png */,
				7AC5C8F71B08C061004C9678 /* iconAns@2x.png */,
			);
			path = icons;
			sourceTree = "<group>";
		};
		7AC5C9101B091576004C9678 /* thumb_tag */ = {
			isa = PBXGroup;
			children = (
				7AC5C9111B091576004C9678 /* sfi.png */,
				7AC5C9121B091576004C9678 /* sfi@2x.png */,
			);
			path = thumb_tag;
			sourceTree = "<group>";
		};
		7AC5C9151B0918C7004C9678 /* splash */ = {
			isa = PBXGroup;
			children = (
				7AC5C9161B0918C7004C9678 /* bg.png */,
				7AC5C9171B0918C7004C9678 /* bg@2x.png */,
				7AC5C9181B0918C7004C9678 /* icon.png */,
				7AC5C9191B0918C7004C9678 /* icon@2x.png */,
				7AC5C91A1B0918C7004C9678 /* olinguito.png */,
				7AC5C91B1B0918C7004C9678 /* olinguito@2x.png */,
			);
			path = splash;
			sourceTree = "<group>";
		};
		7AC5C9221B09206C004C9678 /* Charts */ = {
			isa = PBXGroup;
			children = (
				7AC5C9231B09206C004C9678 /* Charts.xcodeproj */,
				7AC5C9261B09206C004C9678 /* Classes */,
				7AC5C9791B09206C004C9678 /* Supporting Files */,
			);
			path = Charts;
			sourceTree = "<group>";
		};
		7AC5C9241B09206C004C9678 /* Products */ = {
			isa = PBXGroup;
			children = (
				7AC5C9CA1B09206D004C9678 /* Charts.framework */,
			);
			name = Products;
			sourceTree = "<group>";
		};
		7AC5C9261B09206C004C9678 /* Classes */ = {
			isa = PBXGroup;
			children = (
				7AC5C9271B09206C004C9678 /* Animation */,
				7AC5C92A1B09206C004C9678 /* Charts */,
				7AC5C9371B09206C004C9678 /* Components */,
				7AC5C93F1B09206C004C9678 /* Data */,
				7AC5C9581B09206C004C9678 /* Filters */,
				7AC5C95B1B09206C004C9678 /* Renderers */,
				7AC5C9701B09206C004C9678 /* Utils */,
			);
			path = Classes;
			sourceTree = "<group>";
		};
		7AC5C9271B09206C004C9678 /* Animation */ = {
			isa = PBXGroup;
			children = (
				7AC5C9281B09206C004C9678 /* ChartAnimationEasing.swift */,
				7AC5C9291B09206C004C9678 /* ChartAnimator.swift */,
			);
			path = Animation;
			sourceTree = "<group>";
		};
		7AC5C92A1B09206C004C9678 /* Charts */ = {
			isa = PBXGroup;
			children = (
				7AC5C92B1B09206C004C9678 /* BarChartView.swift */,
				7AC5C92C1B09206C004C9678 /* BarLineChartViewBase.swift */,
				7AC5C92D1B09206C004C9678 /* BubbleChartView.swift */,
				7AC5C92E1B09206C004C9678 /* CandleStickChartView.swift */,
				7AC5C92F1B09206C004C9678 /* ChartViewBase.swift */,
				7AC5C9301B09206C004C9678 /* CombinedChartView.swift */,
				7AC5C9311B09206C004C9678 /* HorizontalBarChartView.swift */,
				7AC5C9321B09206C004C9678 /* LineChartView.swift */,
				7AC5C9331B09206C004C9678 /* PieChartView.swift */,
				7AC5C9341B09206C004C9678 /* PieRadarChartViewBase.swift */,
				7AC5C9351B09206C004C9678 /* RadarChartView.swift */,
				7AC5C9361B09206C004C9678 /* ScatterChartView.swift */,
			);
			path = Charts;
			sourceTree = "<group>";
		};
		7AC5C9371B09206C004C9678 /* Components */ = {
			isa = PBXGroup;
			children = (
				7AC5C9381B09206C004C9678 /* ChartAxisBase.swift */,
				7AC5C9391B09206C004C9678 /* ChartComponentBase.swift */,
				7AC5C93A1B09206C004C9678 /* ChartLegend.swift */,
				7AC5C93B1B09206C004C9678 /* ChartLimitLine.swift */,
				7AC5C93C1B09206C004C9678 /* ChartMarker.swift */,
				7AC5C93D1B09206C004C9678 /* ChartXAxis.swift */,
				7AC5C93E1B09206C004C9678 /* ChartYAxis.swift */,
			);
			path = Components;
			sourceTree = "<group>";
		};
		7AC5C93F1B09206C004C9678 /* Data */ = {
			isa = PBXGroup;
			children = (
				7AC5C9401B09206C004C9678 /* BarChartData.swift */,
				7AC5C9411B09206C004C9678 /* BarChartDataEntry.swift */,
				7AC5C9421B09206C004C9678 /* BarChartDataSet.swift */,
				7AC5C9431B09206C004C9678 /* BarLineScatterCandleChartData.swift */,
				7AC5C9441B09206C004C9678 /* BarLineScatterCandleChartDataSet.swift */,
				7AC5C9451B09206C004C9678 /* BubbleChartData.swift */,
				7AC5C9461B09206C004C9678 /* BubbleChartDataEntry.swift */,
				7AC5C9471B09206C004C9678 /* BubbleChartDataSet.swift */,
				7AC5C9481B09206C004C9678 /* CandleChartData.swift */,
				7AC5C9491B09206C004C9678 /* CandleChartDataEntry.swift */,
				7AC5C94A1B09206C004C9678 /* CandleChartDataSet.swift */,
				7AC5C94B1B09206C004C9678 /* ChartData.swift */,
				7AC5C94C1B09206C004C9678 /* ChartDataEntry.swift */,
				7AC5C94D1B09206C004C9678 /* ChartDataSet.swift */,
				7AC5C94E1B09206C004C9678 /* CombinedChartData.swift */,
				7AC5C94F1B09206C004C9678 /* LineChartData.swift */,
				7AC5C9501B09206C004C9678 /* LineChartDataSet.swift */,
				7AC5C9511B09206C004C9678 /* LineRadarChartDataSet.swift */,
				7AC5C9521B09206C004C9678 /* PieChartData.swift */,
				7AC5C9531B09206C004C9678 /* PieChartDataSet.swift */,
				7AC5C9541B09206C004C9678 /* RadarChartData.swift */,
				7AC5C9551B09206C004C9678 /* RadarChartDataSet.swift */,
				7AC5C9561B09206C004C9678 /* ScatterChartData.swift */,
				7AC5C9571B09206C004C9678 /* ScatterChartDataSet.swift */,
			);
			path = Data;
			sourceTree = "<group>";
		};
		7AC5C9581B09206C004C9678 /* Filters */ = {
			isa = PBXGroup;
			children = (
				7AC5C9591B09206C004C9678 /* ChartDataApproximatorFilter.swift */,
				7AC5C95A1B09206C004C9678 /* ChartDataBaseFilter.swift */,
			);
			path = Filters;
			sourceTree = "<group>";
		};
		7AC5C95B1B09206C004C9678 /* Renderers */ = {
			isa = PBXGroup;
			children = (
				7AC5C95C1B09206C004C9678 /* BarChartRenderer.swift */,
				7AC5C95D1B09206C004C9678 /* BubbleChartRenderer.swift */,
				7AC5C95E1B09206C004C9678 /* CandleStickChartRenderer.swift */,
				7AC5C95F1B09206C004C9678 /* ChartAxisRendererBase.swift */,
				7AC5C9601B09206C004C9678 /* ChartDataRendererBase.swift */,
				7AC5C9611B09206C004C9678 /* ChartLegendRenderer.swift */,
				7AC5C9621B09206C004C9678 /* ChartRendererBase.swift */,
				7AC5C9631B09206C004C9678 /* ChartXAxisRenderer.swift */,
				7AC5C9641B09206C004C9678 /* ChartXAxisRendererBarChart.swift */,
				7AC5C9651B09206C004C9678 /* ChartXAxisRendererHorizontalBarChart.swift */,
				7AC5C9661B09206C004C9678 /* ChartXAxisRendererRadarChart.swift */,
				7AC5C9671B09206C004C9678 /* ChartYAxisRenderer.swift */,
				7AC5C9681B09206C004C9678 /* ChartYAxisRendererHorizontalBarChart.swift */,
				7AC5C9691B09206C004C9678 /* ChartYAxisRendererRadarChart.swift */,
				7AC5C96A1B09206C004C9678 /* CombinedChartRenderer.swift */,
				7AC5C96B1B09206C004C9678 /* HorizontalBarChartRenderer.swift */,
				7AC5C96C1B09206C004C9678 /* LineChartRenderer.swift */,
				7AC5C96D1B09206C004C9678 /* PieChartRenderer.swift */,
				7AC5C96E1B09206C004C9678 /* RadarChartRenderer.swift */,
				7AC5C96F1B09206C004C9678 /* ScatterChartRenderer.swift */,
			);
			path = Renderers;
			sourceTree = "<group>";
		};
		7AC5C9701B09206C004C9678 /* Utils */ = {
			isa = PBXGroup;
			children = (
				7AC5C9711B09206C004C9678 /* ChartColorTemplates.swift */,
				7AC5C9721B09206C004C9678 /* ChartFillFormatter.swift */,
				7AC5C9731B09206C004C9678 /* ChartHighlight.swift */,
				7AC5C9741B09206C004C9678 /* ChartSelInfo.swift */,
				7AC5C9751B09206C004C9678 /* ChartTransformer.swift */,
				7AC5C9761B09206C004C9678 /* ChartTransformerHorizontalBarChart.swift */,
				7AC5C9771B09206C004C9678 /* ChartUtils.swift */,
				7AC5C9781B09206C004C9678 /* ChartViewPortHandler.swift */,
			);
			path = Utils;
			sourceTree = "<group>";
		};
		7AC5C9791B09206C004C9678 /* Supporting Files */ = {
			isa = PBXGroup;
			children = (
				7AC5C97A1B09206C004C9678 /* Charts.h */,
				7AC5C97B1B09206C004C9678 /* Info.plist */,
			);
			path = "Supporting Files";
			sourceTree = "<group>";
		};
		CAE3E00C1AB2E5668D9EF701 /* Frameworks */ = {
			isa = PBXGroup;
			children = (
				3F9924BD1B9DDE44EB5989D7 /* libPods.a */,
			);
			name = Frameworks;
			sourceTree = "<group>";
		};
		DC090381D8621CAECAA56768 /* Pods */ = {
			isa = PBXGroup;
			children = (
				8223E5BFB927254F4FD4D3C5 /* Pods.debug.xcconfig */,
				275CFB2B2DC5FCE043A6A448 /* Pods.release.xcconfig */,
			);
			name = Pods;
			sourceTree = "<group>";
		};
/* End PBXGroup section */

/* Begin PBXNativeTarget section */
		7A0E35151B07DE9600096329 /* curiosity_reader */ = {
			isa = PBXNativeTarget;
			buildConfigurationList = 7A0E35351B07DE9600096329 /* Build configuration list for PBXNativeTarget "curiosity_reader" */;
			buildPhases = (
				DD6019743F3B4CD978F58C3E /* Check Pods Manifest.lock */,
				7A0E35121B07DE9600096329 /* Sources */,
				7A0E35131B07DE9600096329 /* Frameworks */,
				7A0E35141B07DE9600096329 /* Resources */,
				FF3C2044E878FCDF7C8245AF /* Copy Pods Resources */,
			);
			buildRules = (
			);
			dependencies = (
			);
			name = curiosity_reader;
			productName = curiosity_reader;
			productReference = 7A0E35161B07DE9600096329 /* curiosity_reader.app */;
			productType = "com.apple.product-type.application";
		};
		7A0E352A1B07DE9600096329 /* curiosity_readerTests */ = {
			isa = PBXNativeTarget;
			buildConfigurationList = 7A0E35381B07DE9600096329 /* Build configuration list for PBXNativeTarget "curiosity_readerTests" */;
			buildPhases = (
				7A0E35271B07DE9600096329 /* Sources */,
				7A0E35281B07DE9600096329 /* Frameworks */,
				7A0E35291B07DE9600096329 /* Resources */,
			);
			buildRules = (
			);
			dependencies = (
				7A0E352D1B07DE9600096329 /* PBXTargetDependency */,
			);
			name = curiosity_readerTests;
			productName = curiosity_readerTests;
			productReference = 7A0E352B1B07DE9600096329 /* curiosity_readerTests.xctest */;
			productType = "com.apple.product-type.bundle.unit-test";
		};
/* End PBXNativeTarget section */

/* Begin PBXProject section */
		7A0E350E1B07DE9600096329 /* Project object */ = {
			isa = PBXProject;
			attributes = {
				LastUpgradeCheck = 0630;
				ORGANIZATIONNAME = Olinguito;
				TargetAttributes = {
					7A0E35151B07DE9600096329 = {
						CreatedOnToolsVersion = 6.3;
					};
					7A0E352A1B07DE9600096329 = {
						CreatedOnToolsVersion = 6.3;
						TestTargetID = 7A0E35151B07DE9600096329;
					};
				};
			};
			buildConfigurationList = 7A0E35111B07DE9600096329 /* Build configuration list for PBXProject "curiosity_reader" */;
			compatibilityVersion = "Xcode 3.2";
			developmentRegion = English;
			hasScannedForEncodings = 0;
			knownRegions = (
				en,
				Base,
			);
			mainGroup = 7A0E350D1B07DE9600096329;
			productRefGroup = 7A0E35171B07DE9600096329 /* Products */;
			projectDirPath = "";
			projectReferences = (
				{
					ProductGroup = 7AC5C9241B09206C004C9678 /* Products */;
					ProjectRef = 7AC5C9231B09206C004C9678 /* Charts.xcodeproj */;
				},
			);
			projectRoot = "";
			targets = (
				7A0E35151B07DE9600096329 /* curiosity_reader */,
				7A0E352A1B07DE9600096329 /* curiosity_readerTests */,
			);
		};
/* End PBXProject section */

/* Begin PBXReferenceProxy section */
		7AC5C9CA1B09206D004C9678 /* Charts.framework */ = {
			isa = PBXReferenceProxy;
			fileType = wrapper.framework;
			path = Charts.framework;
			remoteRef = 7AC5C9C91B09206D004C9678 /* PBXContainerItemProxy */;
			sourceTree = BUILT_PRODUCTS_DIR;
		};
/* End PBXReferenceProxy section */

/* Begin PBXResourcesBuildPhase section */
		7A0E35141B07DE9600096329 /* Resources */ = {
			isa = PBXResourcesBuildPhase;
			buildActionMask = 2147483647;
			files = (
				7AC041F81B081B0E00114A4A /* MetaSerif-BoldIta.otf in Resources */,
				7AC5C91F1B0918C7004C9678 /* icon@2x.png in Resources */,
				7AC042491B08793A00114A4A /* btnShare@3x.png in Resources */,
				7AC5C8F31B08C05B004C9678 /* btnAddAns.png in Resources */,
				7AC041F71B081B0E00114A4A /* MetaSerif-Bold.otf in Resources */,
				7AC042551B08817800114A4A /* div.png in Resources */,
				7AC041FA1B081B0E00114A4A /* MetaSerifLf-BookIta.otf in Resources */,
				7AC042391B0870CB00114A4A /* st2_3.png in Resources */,
				7AC5C9D41B093063004C9678 /* bgGraph@2x.png in Resources */,
				7AC042311B0870CB00114A4A /* st3_1@2x.png in Resources */,
				7AC0422D1B0870CB00114A4A /* st1_3@2x.png in Resources */,
				7AC042301B0870CB00114A4A /* st2_3@2x.png in Resources */,
				7AC042341B0870CB00114A4A /* st1_1.png in Resources */,
				7AC0424B1B08793A00114A4A /* btnShare.png in Resources */,
				7A0E35211B07DE9600096329 /* Main.storyboard in Resources */,
				7AC042031B08474C00114A4A /* btnBack@3x.png in Resources */,
				7AC5C8F41B08C05B004C9678 /* btnAddAns@2x.png in Resources */,
				7AC042481B08793A00114A4A /* btnFavorite.png in Resources */,
				7AC0424D1B08793A00114A4A /* btnBookmark@2x.png in Resources */,
				7AC042371B0870CB00114A4A /* st2_1.png in Resources */,
				7AC0422E1B0870CB00114A4A /* st2_1@2x.png in Resources */,
				7AC0423C1B0870CB00114A4A /* st3_3.png in Resources */,
				7AC5C91C1B0918C7004C9678 /* bg.png in Resources */,
				7AC042471B08793A00114A4A /* btnFavorite@2x.png in Resources */,
				7AC5C9211B0918C7004C9678 /* olinguito@2x.png in Resources */,
				7AC042331B0870CB00114A4A /* st3_3@2x.png in Resources */,
				7AC5C8F91B08C061004C9678 /* iconAns@2x.png in Resources */,
				7AC5C8EF1B08B7C6004C9678 /* arrow@2x.png in Resources */,
				7AC042021B08474C00114A4A /* btnBack@2x.png in Resources */,
				7AC0424A1B08793A00114A4A /* btnShare@2x.png in Resources */,
				7AC042351B0870CB00114A4A /* st1_2.png in Resources */,
				7AC041F61B081B0E00114A4A /* MetaBookLF-Roman.otf in Resources */,
				7AC042011B08474C00114A4A /* btnBack.png in Resources */,
				7AC042561B08817800114A4A /* div@2x.png in Resources */,
				7AC5C91D1B0918C7004C9678 /* bg@2x.png in Resources */,
				7AC041F51B081B0E00114A4A /* MetaBold-Roman.otf in Resources */,
				7AC042461B08793A00114A4A /* btnFavorite@3x.png in Resources */,
				7AC5C9D51B093063004C9678 /* bgGraph.png in Resources */,
				7AC0423B1B0870CB00114A4A /* st3_2.png in Resources */,
				7AC5C9141B091576004C9678 /* sfi@2x.png in Resources */,
				7AC5C9201B0918C7004C9678 /* olinguito.png in Resources */,
				7AC5C8E81B0892C4004C9678 /* st_3@2x.png in Resources */,
				7AC0424E1B08793A00114A4A /* btnBookmark.png in Resources */,
				7AC5C9131B091576004C9678 /* sfi.png in Resources */,
				7AC0422F1B0870CB00114A4A /* st2_2@2x.png in Resources */,
				7AC5C9061B09025D004C9678 /* btnMenu@2x.png in Resources */,
				7AC042381B0870CB00114A4A /* st2_2.png in Resources */,
				7AC0423A1B0870CB00114A4A /* st3_1.png in Resources */,
				7AC5C9071B09025D004C9678 /* btnMenu.png in Resources */,
				7AC5C8F01B08B7C6004C9678 /* arrow.png in Resources */,
				7AC041F91B081B0E00114A4A /* MetaSerif-Book.otf in Resources */,
				7AC5C9C71B09206C004C9678 /* Info.plist in Resources */,
				7AC041F41B081B0E00114A4A /* MetaBold-Italic.otf in Resources */,
				7AC5C9021B08D7AD004C9678 /* btnClose@2x.png in Resources */,
				7AC0424C1B08793A00114A4A /* btnBookmark@3x.png in Resources */,
				7A0E35261B07DE9600096329 /* LaunchScreen.xib in Resources */,
				7AC5C91E1B0918C7004C9678 /* icon.png in Resources */,
				7AC5C8F81B08C061004C9678 /* iconAns.png in Resources */,
				7AC5C9031B08D7AD004C9678 /* btnClose.png in Resources */,
				7A0E35231B07DE9600096329 /* Images.xcassets in Resources */,
				7AC042361B0870CB00114A4A /* st1_3.png in Resources */,
				7AC0422C1B0870CB00114A4A /* st1_2@2x.png in Resources */,
				7AC0422B1B0870CB00114A4A /* st1_1@2x.png in Resources */,
			);
			runOnlyForDeploymentPostprocessing = 0;
		};
		7A0E35291B07DE9600096329 /* Resources */ = {
			isa = PBXResourcesBuildPhase;
			buildActionMask = 2147483647;
			files = (
			);
			runOnlyForDeploymentPostprocessing = 0;
		};
/* End PBXResourcesBuildPhase section */

/* Begin PBXShellScriptBuildPhase section */
		DD6019743F3B4CD978F58C3E /* Check Pods Manifest.lock */ = {
			isa = PBXShellScriptBuildPhase;
			buildActionMask = 2147483647;
			files = (
			);
			inputPaths = (
			);
			name = "Check Pods Manifest.lock";
			outputPaths = (
			);
			runOnlyForDeploymentPostprocessing = 0;
			shellPath = /bin/sh;
			shellScript = "diff \"${PODS_ROOT}/../Podfile.lock\" \"${PODS_ROOT}/Manifest.lock\" > /dev/null\nif [[ $? != 0 ]] ; then\n    cat << EOM\nerror: The sandbox is not in sync with the Podfile.lock. Run 'pod install' or update your CocoaPods installation.\nEOM\n    exit 1\nfi\n";
			showEnvVarsInLog = 0;
		};
		FF3C2044E878FCDF7C8245AF /* Copy Pods Resources */ = {
			isa = PBXShellScriptBuildPhase;
			buildActionMask = 2147483647;
			files = (
			);
			inputPaths = (
			);
			name = "Copy Pods Resources";
			outputPaths = (
			);
			runOnlyForDeploymentPostprocessing = 0;
			shellPath = /bin/sh;
			shellScript = "\"${SRCROOT}/Pods/Target Support Files/Pods/Pods-resources.sh\"\n";
			showEnvVarsInLog = 0;
		};
/* End PBXShellScriptBuildPhase section */

/* Begin PBXSourcesBuildPhase section */
		7A0E35121B07DE9600096329 /* Sources */ = {
			isa = PBXSourcesBuildPhase;
			buildActionMask = 2147483647;
			files = (
				7AC5C9891B09206C004C9678 /* ScatterChartView.swift in Sources */,
				7AC5C9871B09206C004C9678 /* PieRadarChartViewBase.swift in Sources */,
				7AC5C9A91B09206C004C9678 /* ChartDataApproximatorFilter.swift in Sources */,
				7AC5C9831B09206C004C9678 /* CombinedChartView.swift in Sources */,
				7AC5C90B1B090C74004C9678 /* CategoryVC.swift in Sources */,
				7AC5C99A1B09206C004C9678 /* CandleChartDataEntry.swift in Sources */,
				7AC5C9AD1B09206C004C9678 /* CandleStickChartRenderer.swift in Sources */,
				7AC5C98F1B09206C004C9678 /* ChartXAxis.swift in Sources */,
				7AC5C9BF1B09206C004C9678 /* ChartColorTemplates.swift in Sources */,
				7AC5C9851B09206C004C9678 /* LineChartView.swift in Sources */,
				7A0E35511B08078000096329 /* GenericVC.swift in Sources */,
				7AC5C9981B09206C004C9678 /* BubbleChartDataSet.swift in Sources */,
				7AC5C9B11B09206C004C9678 /* ChartRendererBase.swift in Sources */,
				7AC5C99B1B09206C004C9678 /* CandleChartDataSet.swift in Sources */,
				7AC5C9B91B09206C004C9678 /* CombinedChartRenderer.swift in Sources */,
				7AC5C9A61B09206C004C9678 /* RadarChartDataSet.swift in Sources */,
				7AC5C9841B09206C004C9678 /* HorizontalBarChartView.swift in Sources */,
				7AC5C9951B09206C004C9678 /* BarLineScatterCandleChartDataSet.swift in Sources */,
				7AC042051B08598600114A4A /* JOFooterBar.swift in Sources */,
				7AC5C98D1B09206C004C9678 /* ChartLimitLine.swift in Sources */,
				7AC5C9C01B09206C004C9678 /* ChartFillFormatter.swift in Sources */,
				7AC042521B087DDD00114A4A /* QuestionVC.swift in Sources */,
				7AC5C98E1B09206C004C9678 /* ChartMarker.swift in Sources */,
				7A0E35531B08096500096329 /* HomeVC.swift in Sources */,
				7AC5C99D1B09206C004C9678 /* ChartDataEntry.swift in Sources */,
				7AC5C9C41B09206C004C9678 /* ChartTransformerHorizontalBarChart.swift in Sources */,
				7A0E35471B07EA1E00096329 /* ExFonts.swift in Sources */,
				7AC5C9881B09206C004C9678 /* RadarChartView.swift in Sources */,
				7AC5C9A21B09206C004C9678 /* LineRadarChartDataSet.swift in Sources */,
				7AC5C9961B09206C004C9678 /* BubbleChartData.swift in Sources */,
				7AC5C9B61B09206C004C9678 /* ChartYAxisRenderer.swift in Sources */,
				7AC5C99F1B09206C004C9678 /* CombinedChartData.swift in Sources */,
				7AC5C9A11B09206C004C9678 /* LineChartDataSet.swift in Sources */,
				7AC5C9821B09206C004C9678 /* ChartViewBase.swift in Sources */,
				7AC5C98C1B09206C004C9678 /* ChartLegend.swift in Sources */,
				7AC5C9091B09062E004C9678 /* LeftMenu.swift in Sources */,
				7A0E355B1B080D5F00096329 /* SwiftyJSON.swift in Sources */,
				7AC5C9C11B09206C004C9678 /* ChartHighlight.swift in Sources */,
				7A0E35571B08099D00096329 /* ProfileVC.swift in Sources */,
				7AC5C9801B09206C004C9678 /* BubbleChartView.swift in Sources */,
				7AC5C9921B09206C004C9678 /* BarChartDataEntry.swift in Sources */,
				7A0E35591B080C4800096329 /* ArticleComponent.swift in Sources */,
				7AC5C9BA1B09206C004C9678 /* HorizontalBarChartRenderer.swift in Sources */,
				7AC5C9971B09206C004C9678 /* BubbleChartDataEntry.swift in Sources */,
				7AC5C9991B09206C004C9678 /* CandleChartData.swift in Sources */,
				7AC5C8FF1B08CAD9004C9678 /* OpenQuestion.swift in Sources */,
				7AC5C9AB1B09206C004C9678 /* BarChartRenderer.swift in Sources */,
				7AC5C9931B09206C004C9678 /* BarChartDataSet.swift in Sources */,
				7AC041FC1B08429500114A4A /* JONavigationBar.swift in Sources */,
				7AC5C9AA1B09206C004C9678 /* ChartDataBaseFilter.swift in Sources */,
				7AC5C9AC1B09206C004C9678 /* BubbleChartRenderer.swift in Sources */,
				7AC5C9B41B09206C004C9678 /* ChartXAxisRendererHorizontalBarChart.swift in Sources */,
				7AC5C9B71B09206C004C9678 /* ChartYAxisRendererHorizontalBarChart.swift in Sources */,
				7AC5C9AE1B09206C004C9678 /* ChartAxisRendererBase.swift in Sources */,
				7AC5C9B81B09206C004C9678 /* ChartYAxisRendererRadarChart.swift in Sources */,
				7AC5C9C31B09206C004C9678 /* ChartTransformer.swift in Sources */,
				7AC5C9811B09206C004C9678 /* CandleStickChartView.swift in Sources */,
				7AC5C9A41B09206C004C9678 /* PieChartDataSet.swift in Sources */,
				7AC5C9A71B09206C004C9678 /* ScatterChartData.swift in Sources */,
				7AC5C8FD1B08C648004C9678 /* AnswerComponent.swift in Sources */,
				7AC5C98A1B09206C004C9678 /* ChartAxisBase.swift in Sources */,
				7AC5C9C61B09206C004C9678 /* ChartViewPortHandler.swift in Sources */,
				7AC5C9BC1B09206C004C9678 /* PieChartRenderer.swift in Sources */,
				7AC5C9A31B09206C004C9678 /* PieChartData.swift in Sources */,
				7A0E35491B07EA8700096329 /* ExStrings.swift in Sources */,
				7AC5C8FB1B08C60D004C9678 /* AnswerVC.swift in Sources */,
				7AC5C9A51B09206C004C9678 /* RadarChartData.swift in Sources */,
				7AC5C97E1B09206C004C9678 /* BarChartView.swift in Sources */,
				7AC5C9BB1B09206C004C9678 /* LineChartRenderer.swift in Sources */,
				7AC5C8EA1B0899C2004C9678 /* ExArrStr.swift in Sources */,
				7AC5C97D1B09206C004C9678 /* ChartAnimator.swift in Sources */,
				7AC5C98B1B09206C004C9678 /* ChartComponentBase.swift in Sources */,
				7AC5C97F1B09206C004C9678 /* BarLineChartViewBase.swift in Sources */,
				7AC5C9941B09206C004C9678 /* BarLineScatterCandleChartData.swift in Sources */,
				7AC5C9C21B09206C004C9678 /* ChartSelInfo.swift in Sources */,
				7AC5C9A01B09206C004C9678 /* LineChartData.swift in Sources */,
				7AC5C9911B09206C004C9678 /* BarChartData.swift in Sources */,
				7A0E354C1B07EACE00096329 /* APIManager.swift in Sources */,
				7AC5C9BD1B09206C004C9678 /* RadarChartRenderer.swift in Sources */,
				7AC5C99C1B09206C004C9678 /* ChartData.swift in Sources */,
				7A0E35451B07E90700096329 /* ExColors.swift in Sources */,
				7AC5C9B21B09206C004C9678 /* ChartXAxisRenderer.swift in Sources */,
				7AC5C99E1B09206C004C9678 /* ChartDataSet.swift in Sources */,
				7AC5C8EC1B08B609004C9678 /* QuestionComponent.swift in Sources */,
				7AC5C90F1B09123B004C9678 /* TagComponent.swift in Sources */,
				7A0E351C1B07DE9600096329 /* AppDelegate.swift in Sources */,
				7AC5C9AF1B09206C004C9678 /* ChartDataRendererBase.swift in Sources */,
				7AC5C9B51B09206C004C9678 /* ChartXAxisRendererRadarChart.swift in Sources */,
				7AC5C9861B09206C004C9678 /* PieChartView.swift in Sources */,
				7AC5C9B31B09206C004C9678 /* ChartXAxisRendererBarChart.swift in Sources */,
				7AC5C90D1B090CE7004C9678 /* AboutVC.swift in Sources */,
				7AC5C97C1B09206C004C9678 /* ChartAnimationEasing.swift in Sources */,
				7AC5C9B01B09206C004C9678 /* ChartLegendRenderer.swift in Sources */,
				7AC5C9C51B09206C004C9678 /* ChartUtils.swift in Sources */,
				7AC5C9BE1B09206C004C9678 /* ScatterChartRenderer.swift in Sources */,
				7A0E35551B08097B00096329 /* ArticleVC.swift in Sources */,
				7AC5C9A81B09206C004C9678 /* ScatterChartDataSet.swift in Sources */,
				7AC5C9901B09206C004C9678 /* ChartYAxis.swift in Sources */,
			);
			runOnlyForDeploymentPostprocessing = 0;
		};
		7A0E35271B07DE9600096329 /* Sources */ = {
			isa = PBXSourcesBuildPhase;
			buildActionMask = 2147483647;
			files = (
				7A0E35321B07DE9600096329 /* curiosity_readerTests.swift in Sources */,
			);
			runOnlyForDeploymentPostprocessing = 0;
		};
/* End PBXSourcesBuildPhase section */

/* Begin PBXTargetDependency section */
		7A0E352D1B07DE9600096329 /* PBXTargetDependency */ = {
			isa = PBXTargetDependency;
			target = 7A0E35151B07DE9600096329 /* curiosity_reader */;
			targetProxy = 7A0E352C1B07DE9600096329 /* PBXContainerItemProxy */;
		};
/* End PBXTargetDependency section */

/* Begin PBXVariantGroup section */
		7A0E351F1B07DE9600096329 /* Main.storyboard */ = {
			isa = PBXVariantGroup;
			children = (
				7A0E35201B07DE9600096329 /* Base */,
			);
			name = Main.storyboard;
			sourceTree = "<group>";
		};
		7A0E35241B07DE9600096329 /* LaunchScreen.xib */ = {
			isa = PBXVariantGroup;
			children = (
				7A0E35251B07DE9600096329 /* Base */,
			);
			name = LaunchScreen.xib;
			sourceTree = "<group>";
		};
/* End PBXVariantGroup section */

/* Begin XCBuildConfiguration section */
		7A0E35331B07DE9600096329 /* Debug */ = {
			isa = XCBuildConfiguration;
			buildSettings = {
				ALWAYS_SEARCH_USER_PATHS = NO;
				CLANG_CXX_LANGUAGE_STANDARD = "gnu++0x";
				CLANG_CXX_LIBRARY = "libc++";
				CLANG_ENABLE_MODULES = YES;
				CLANG_ENABLE_OBJC_ARC = YES;
				CLANG_WARN_BOOL_CONVERSION = YES;
				CLANG_WARN_CONSTANT_CONVERSION = YES;
				CLANG_WARN_DIRECT_OBJC_ISA_USAGE = YES_ERROR;
				CLANG_WARN_EMPTY_BODY = YES;
				CLANG_WARN_ENUM_CONVERSION = YES;
				CLANG_WARN_INT_CONVERSION = YES;
				CLANG_WARN_OBJC_ROOT_CLASS = YES_ERROR;
				CLANG_WARN_UNREACHABLE_CODE = YES;
				CLANG_WARN__DUPLICATE_METHOD_MATCH = YES;
				"CODE_SIGN_IDENTITY[sdk=iphoneos*]" = "iPhone Developer";
				COPY_PHASE_STRIP = NO;
				DEBUG_INFORMATION_FORMAT = "dwarf-with-dsym";
				ENABLE_STRICT_OBJC_MSGSEND = YES;
				GCC_C_LANGUAGE_STANDARD = gnu99;
				GCC_DYNAMIC_NO_PIC = NO;
				GCC_NO_COMMON_BLOCKS = YES;
				GCC_OPTIMIZATION_LEVEL = 0;
				GCC_PREPROCESSOR_DEFINITIONS = (
					"DEBUG=1",
					"$(inherited)",
				);
				GCC_SYMBOLS_PRIVATE_EXTERN = NO;
				GCC_WARN_64_TO_32_BIT_CONVERSION = YES;
				GCC_WARN_ABOUT_RETURN_TYPE = YES_ERROR;
				GCC_WARN_UNDECLARED_SELECTOR = YES;
				GCC_WARN_UNINITIALIZED_AUTOS = YES_AGGRESSIVE;
				GCC_WARN_UNUSED_FUNCTION = YES;
				GCC_WARN_UNUSED_VARIABLE = YES;
				IPHONEOS_DEPLOYMENT_TARGET = 8.3;
				MTL_ENABLE_DEBUG_INFO = YES;
				ONLY_ACTIVE_ARCH = YES;
				SDKROOT = iphoneos;
				SWIFT_OPTIMIZATION_LEVEL = "-Onone";
				TARGETED_DEVICE_FAMILY = "1,2";
			};
			name = Debug;
		};
		7A0E35341B07DE9600096329 /* Release */ = {
			isa = XCBuildConfiguration;
			buildSettings = {
				ALWAYS_SEARCH_USER_PATHS = NO;
				CLANG_CXX_LANGUAGE_STANDARD = "gnu++0x";
				CLANG_CXX_LIBRARY = "libc++";
				CLANG_ENABLE_MODULES = YES;
				CLANG_ENABLE_OBJC_ARC = YES;
				CLANG_WARN_BOOL_CONVERSION = YES;
				CLANG_WARN_CONSTANT_CONVERSION = YES;
				CLANG_WARN_DIRECT_OBJC_ISA_USAGE = YES_ERROR;
				CLANG_WARN_EMPTY_BODY = YES;
				CLANG_WARN_ENUM_CONVERSION = YES;
				CLANG_WARN_INT_CONVERSION = YES;
				CLANG_WARN_OBJC_ROOT_CLASS = YES_ERROR;
				CLANG_WARN_UNREACHABLE_CODE = YES;
				CLANG_WARN__DUPLICATE_METHOD_MATCH = YES;
				"CODE_SIGN_IDENTITY[sdk=iphoneos*]" = "iPhone Developer";
				COPY_PHASE_STRIP = NO;
				DEBUG_INFORMATION_FORMAT = "dwarf-with-dsym";
				ENABLE_NS_ASSERTIONS = NO;
				ENABLE_STRICT_OBJC_MSGSEND = YES;
				GCC_C_LANGUAGE_STANDARD = gnu99;
				GCC_NO_COMMON_BLOCKS = YES;
				GCC_WARN_64_TO_32_BIT_CONVERSION = YES;
				GCC_WARN_ABOUT_RETURN_TYPE = YES_ERROR;
				GCC_WARN_UNDECLARED_SELECTOR = YES;
				GCC_WARN_UNINITIALIZED_AUTOS = YES_AGGRESSIVE;
				GCC_WARN_UNUSED_FUNCTION = YES;
				GCC_WARN_UNUSED_VARIABLE = YES;
				IPHONEOS_DEPLOYMENT_TARGET = 8.3;
				MTL_ENABLE_DEBUG_INFO = NO;
				SDKROOT = iphoneos;
				TARGETED_DEVICE_FAMILY = "1,2";
				VALIDATE_PRODUCT = YES;
			};
			name = Release;
		};
		7A0E35361B07DE9600096329 /* Debug */ = {
			isa = XCBuildConfiguration;
			baseConfigurationReference = 8223E5BFB927254F4FD4D3C5 /* Pods.debug.xcconfig */;
			buildSettings = {
				ASSETCATALOG_COMPILER_APPICON_NAME = AppIcon;
				CLANG_ENABLE_MODULES = YES;
				INFOPLIST_FILE = curiosity_reader/Info.plist;
				LD_RUNPATH_SEARCH_PATHS = "$(inherited) @executable_path/Frameworks";
				PRODUCT_NAME = "$(TARGET_NAME)";
				SWIFT_OBJC_BRIDGING_HEADER = "curiosity_reader/curiosity_reader-Bridging-Header.h";
				SWIFT_OPTIMIZATION_LEVEL = "-Onone";
				TARGETED_DEVICE_FAMILY = 1;
			};
			name = Debug;
		};
		7A0E35371B07DE9600096329 /* Release */ = {
			isa = XCBuildConfiguration;
			baseConfigurationReference = 275CFB2B2DC5FCE043A6A448 /* Pods.release.xcconfig */;
			buildSettings = {
				ASSETCATALOG_COMPILER_APPICON_NAME = AppIcon;
				CLANG_ENABLE_MODULES = YES;
				INFOPLIST_FILE = curiosity_reader/Info.plist;
				LD_RUNPATH_SEARCH_PATHS = "$(inherited) @executable_path/Frameworks";
				PRODUCT_NAME = "$(TARGET_NAME)";
				SWIFT_OBJC_BRIDGING_HEADER = "curiosity_reader/curiosity_reader-Bridging-Header.h";
				TARGETED_DEVICE_FAMILY = 1;
			};
			name = Release;
		};
		7A0E35391B07DE9600096329 /* Debug */ = {
			isa = XCBuildConfiguration;
			buildSettings = {
				BUNDLE_LOADER = "$(TEST_HOST)";
				FRAMEWORK_SEARCH_PATHS = (
					"$(SDKROOT)/Developer/Library/Frameworks",
					"$(inherited)",
				);
				GCC_PREPROCESSOR_DEFINITIONS = (
					"DEBUG=1",
					"$(inherited)",
				);
				INFOPLIST_FILE = curiosity_readerTests/Info.plist;
				LD_RUNPATH_SEARCH_PATHS = "$(inherited) @executable_path/Frameworks @loader_path/Frameworks";
				PRODUCT_NAME = "$(TARGET_NAME)";
				TEST_HOST = "$(BUILT_PRODUCTS_DIR)/curiosity_reader.app/curiosity_reader";
			};
			name = Debug;
		};
		7A0E353A1B07DE9600096329 /* Release */ = {
			isa = XCBuildConfiguration;
			buildSettings = {
				BUNDLE_LOADER = "$(TEST_HOST)";
				FRAMEWORK_SEARCH_PATHS = (
					"$(SDKROOT)/Developer/Library/Frameworks",
					"$(inherited)",
				);
				INFOPLIST_FILE = curiosity_readerTests/Info.plist;
				LD_RUNPATH_SEARCH_PATHS = "$(inherited) @executable_path/Frameworks @loader_path/Frameworks";
				PRODUCT_NAME = "$(TARGET_NAME)";
				TEST_HOST = "$(BUILT_PRODUCTS_DIR)/curiosity_reader.app/curiosity_reader";
			};
			name = Release;
		};
/* End XCBuildConfiguration section */

/* Begin XCConfigurationList section */
		7A0E35111B07DE9600096329 /* Build configuration list for PBXProject "curiosity_reader" */ = {
			isa = XCConfigurationList;
			buildConfigurations = (
				7A0E35331B07DE9600096329 /* Debug */,
				7A0E35341B07DE9600096329 /* Release */,
			);
			defaultConfigurationIsVisible = 0;
			defaultConfigurationName = Release;
		};
		7A0E35351B07DE9600096329 /* Build configuration list for PBXNativeTarget "curiosity_reader" */ = {
			isa = XCConfigurationList;
			buildConfigurations = (
				7A0E35361B07DE9600096329 /* Debug */,
				7A0E35371B07DE9600096329 /* Release */,
			);
			defaultConfigurationIsVisible = 0;
			defaultConfigurationName = Release;
		};
		7A0E35381B07DE9600096329 /* Build configuration list for PBXNativeTarget "curiosity_readerTests" */ = {
			isa = XCConfigurationList;
			buildConfigurations = (
				7A0E35391B07DE9600096329 /* Debug */,
				7A0E353A1B07DE9600096329 /* Release */,
			);
			defaultConfigurationIsVisible = 0;
			defaultConfigurationName = Release;
		};
/* End XCConfigurationList section */
	};
	rootObject = 7A0E350E1B07DE9600096329 /* Project object */;
}
